
Microsoft Visual Studio Solution File, Format Version 12.00
# Visual Studio Version 16
VisualStudioVersion = 16.0.31729.503
MinimumVisualStudioVersion = 10.0.40219.1
Project("{9A19103F-16F7-4668-BE54-9A1E7A4F7556}") = "ConsoleApp01", "ConsoleApp01\ConsoleApp01.csproj", "{B000A64A-71FD-4940-8E4D-1E012514944E}"
EndProject
Project("{9A19103F-16F7-4668-BE54-9A1E7A4F7556}") = "ConsoleApp02", "ConsoleApp02\ConsoleApp02.csproj", "{D1717293-0ADD-4EBC-B4A7-89E0905D0FA1}"
EndProject
Project("{9A19103F-16F7-4668-BE54-9A1E7A4F7556}") = "ConsoleApp03", "ConsoleApp03\ConsoleApp03.csproj", "{52DF2E2E-8612-42BB-BDE8-65D300D1CC50}"
EndProject
Project("{9A19103F-16F7-4668-BE54-9A1E7A4F7556}") = "ConsoleApp04", "ConsoleApp04\ConsoleApp04.csproj", "{117C1E95-5C65-4D3B-922B-307F03BA06E5}"
EndProject
Project("{9A19103F-16F7-4668-BE54-9A1E7A4F7556}") = "ConsoleApp05", "ConsoleApp5\ConsoleApp05.csproj", "{92DF8229-8BF3-4E5F-A75A-2650EE50091B}"
EndProject
Project("{9A19103F-16F7-4668-BE54-9A1E7A4F7556}") = "ConsoleApp06", "ConsoleApp06\ConsoleApp06.csproj", "{7C4FB672-2C3B-4855-A969-313FFEEF97B8}"
EndProject
Project("{9A19103F-16F7-4668-BE54-9A1E7A4F7556}") = "ConsoleApp07", "ConsoleApp07\ConsoleApp07.csproj", "{74D800C2-AC35-42DD-802A-9B0D180569FB}"
EndProject
Project("{9A19103F-16F7-4668-BE54-9A1E7A4F7556}") = "ConsoleApp08", "ConsoleApp08\ConsoleApp08.csproj", "{53F3747A-A33B-4686-90AF-40885B9D17BB}"
EndProject
Project("{9A19103F-16F7-4668-BE54-9A1E7A4F7556}") = "ConsoleApp09", "ConsoleApp09\ConsoleApp09.csproj", "{F0D17E5D-C606-4BA4-89F2-4DDA9742DFB9}"
EndProject
Project("{9A19103F-16F7-4668-BE54-9A1E7A4F7556}") = "ConsoleApp10", "ConsoleApp10\ConsoleApp10.csproj", "{9BD6451B-4D44-480A-B16F-16BBA0277273}"
EndProject
Project("{9A19103F-16F7-4668-BE54-9A1E7A4F7556}") = "ConsoleApp11", "ConsoleApp11\ConsoleApp11.csproj", "{B2654C57-D3E6-4C08-9F44-91EFA9471C61}"
EndProject
Project("{9A19103F-16F7-4668-BE54-9A1E7A4F7556}") = "ConsoleApp12", "ConsoleApp12\ConsoleApp12.csproj", "{BAB63665-A255-48A5-83CE-1D874854DF3C}"
EndProject
Project("{9A19103F-16F7-4668-BE54-9A1E7A4F7556}") = "ConsoleApp13", "ConsoleApp13\ConsoleApp13.csproj", "{B2DDAA4C-4A50-48E7-8C6A-EB2A4529712F}"
EndProject
Project("{9A19103F-16F7-4668-BE54-9A1E7A4F7556}") = "ConsoleApp14", "ConsoleApp14\ConsoleApp14.csproj", "{DBE2A6DF-9C95-43E6-B2BA-3F30E0B4018C}"
EndProject
Project("{9A19103F-16F7-4668-BE54-9A1E7A4F7556}") = "ConsoleApp15", "ConsoleApp15\ConsoleApp15.csproj", "{FCA40236-005F-4CD5-8D25-46C41B9A41BC}"
EndProject
Project("{9A19103F-16F7-4668-BE54-9A1E7A4F7556}") = "ConsoleApp16", "ConsoleApp16\ConsoleApp16.csproj", "{324D3280-AD55-489D-A345-AA3E7998B576}"
EndProject
Project("{9A19103F-16F7-4668-BE54-9A1E7A4F7556}") = "ConsoleApp17", "ConsoleApp17\ConsoleApp17.csproj", "{E35D6D89-C8BC-4CC4-A246-E06413512B06}"
EndProject
Project("{9A19103F-16F7-4668-BE54-9A1E7A4F7556}") = "ConsoleApp18", "ConsoleApp18\ConsoleApp18.csproj", "{63CB01BC-04FD-41FF-8A61-EFDE62EC2FE4}"
EndProject
Project("{9A19103F-16F7-4668-BE54-9A1E7A4F7556}") = "ConsoleApp19", "ConsoleApp19\ConsoleApp19.csproj", "{D61D4F54-0A28-4396-A70D-F7C36014BD10}"
EndProject
Project("{9A19103F-16F7-4668-BE54-9A1E7A4F7556}") = "ConsoleApp20", "ConsoleApp20\ConsoleApp20.csproj", "{52315C4F-392B-437D-A72E-1BC3D85860C6}"
EndProject
Project("{9A19103F-16F7-4668-BE54-9A1E7A4F7556}") = "ConsoleApp21", "ConsoleApp21\ConsoleApp21.csproj", "{E9C55793-4D6A-401C-8D01-451F87D4EAB7}"
EndProject
Project("{9A19103F-16F7-4668-BE54-9A1E7A4F7556}") = "ConsoleApp22", "ConsoleApp22\ConsoleApp22.csproj", "{8A08B939-A379-417F-8A36-5B5E8C934411}"
EndProject
Project("{9A19103F-16F7-4668-BE54-9A1E7A4F7556}") = "ConsoleApp23", "ConsoleApp23\ConsoleApp23.csproj", "{2152EBEB-E6B5-4776-A9B0-86B01ADB3DDD}"
EndProject
Project("{9A19103F-16F7-4668-BE54-9A1E7A4F7556}") = "ConsoleApp24", "ConsoleApp24\ConsoleApp24.csproj", "{7392B085-37B2-4CB4-806D-6955E82CD944}"
EndProject
Project("{9A19103F-16F7-4668-BE54-9A1E7A4F7556}") = "ConsoleApp25", "ConsoleApp25\ConsoleApp25.csproj", "{CFA46BFD-1553-4CB9-8E3B-907424D7DD00}"
EndProject
Project("{9A19103F-16F7-4668-BE54-9A1E7A4F7556}") = "ConsoleApp26", "ConsoleApp26\ConsoleApp26.csproj", "{AB84CD92-6F06-4AC7-9231-597B8CCB6CF9}"
EndProject
Project("{9A19103F-16F7-4668-BE54-9A1E7A4F7556}") = "ConsoleApp27", "ConsoleApp27\ConsoleApp27.csproj", "{B6BF280B-0178-42AD-A996-70176C373B91}"
EndProject
Project("{9A19103F-16F7-4668-BE54-9A1E7A4F7556}") = "ConsoleApp28", "ConsoleApp28\ConsoleApp28.csproj", "{4E723937-A2E3-4592-BFB0-0FD4E1214265}"
EndProject
Project("{9A19103F-16F7-4668-BE54-9A1E7A4F7556}") = "ConsoleApp29", "ConsoleApp29\ConsoleApp29.csproj", "{55225186-647B-44DF-A1F3-AA8A97A00C99}"
EndProject
Project("{9A19103F-16F7-4668-BE54-9A1E7A4F7556}") = "ConsoleApp30", "ConsoleApp30\ConsoleApp30.csproj", "{B667F0DF-2A83-4E81-97C4-EACC7B11B0C8}"
EndProject
Project("{FAE04EC0-301F-11D3-BF4B-00C04F79EFBC}") = "ConsoleApp31", "ConsoleApp31\ConsoleApp31.csproj", "{9475DCF3-7D0B-4F06-9D23-73BB077201FB}"
EndProject
Project("{FAE04EC0-301F-11D3-BF4B-00C04F79EFBC}") = "ConsoleApp32", "ConsoleApp32\ConsoleApp32.csproj", "{4004431A-F2D7-4D71-916B-B267A8250804}"
EndProject
Project("{FAE04EC0-301F-11D3-BF4B-00C04F79EFBC}") = "ConsoleApp33", "ConsoleApp33\ConsoleApp33.csproj", "{116E8F29-0131-46AF-B27D-FE4BA17C2047}"
EndProject
Project("{FAE04EC0-301F-11D3-BF4B-00C04F79EFBC}") = "ConsoleApp34", "ConsoleApp34\ConsoleApp34.csproj", "{FA631000-7762-4D81-9019-94D0733372A1}"
EndProject
Project("{FAE04EC0-301F-11D3-BF4B-00C04F79EFBC}") = "ConsoleApp35", "ConsoleApp35\ConsoleApp35.csproj", "{EE085D20-A34C-4DB4-894F-FDB5C0726615}"
EndProject
Project("{FAE04EC0-301F-11D3-BF4B-00C04F79EFBC}") = "ConsoleApp36", "ConsoleApp36\ConsoleApp36.csproj", "{1EF6DBA6-7959-46B8-8C07-9D2B3559C896}"
EndProject
Project("{FAE04EC0-301F-11D3-BF4B-00C04F79EFBC}") = "ConsoleApp37", "ConsoleApp37\ConsoleApp37.csproj", "{C60090E3-51CE-437D-A152-1104581CF70F}"
EndProject
Project("{FAE04EC0-301F-11D3-BF4B-00C04F79EFBC}") = "ConsoleApp38", "ConsoleApp38\ConsoleApp38.csproj", "{F989DB99-F307-41A5-B4E3-D0D541C618CD}"
EndProject
Project("{FAE04EC0-301F-11D3-BF4B-00C04F79EFBC}") = "ConsoleApp39", "ConsoleApp39\ConsoleApp39.csproj", "{F3C94BE0-B0A3-4165-86B1-14BA61C262A9}"
EndProject
Project("{FAE04EC0-301F-11D3-BF4B-00C04F79EFBC}") = "ConsoleApp40", "ConsoleApp40\ConsoleApp40.csproj", "{9A4E6370-0525-4869-ACC1-2E5AB3E89760}"
EndProject
Global
	GlobalSection(SolutionConfigurationPlatforms) = preSolution
		Debug|Any CPU = Debug|Any CPU
		Release|Any CPU = Release|Any CPU
	EndGlobalSection
	GlobalSection(ProjectConfigurationPlatforms) = postSolution
		{B000A64A-71FD-4940-8E4D-1E012514944E}.Debug|Any CPU.ActiveCfg = Debug|Any CPU
		{B000A64A-71FD-4940-8E4D-1E012514944E}.Debug|Any CPU.Build.0 = Debug|Any CPU
		{B000A64A-71FD-4940-8E4D-1E012514944E}.Release|Any CPU.ActiveCfg = Release|Any CPU
		{B000A64A-71FD-4940-8E4D-1E012514944E}.Release|Any CPU.Build.0 = Release|Any CPU
		{D1717293-0ADD-4EBC-B4A7-89E0905D0FA1}.Debug|Any CPU.ActiveCfg = Debug|Any CPU
		{D1717293-0ADD-4EBC-B4A7-89E0905D0FA1}.Debug|Any CPU.Build.0 = Debug|Any CPU
		{D1717293-0ADD-4EBC-B4A7-89E0905D0FA1}.Release|Any CPU.ActiveCfg = Release|Any CPU
		{D1717293-0ADD-4EBC-B4A7-89E0905D0FA1}.Release|Any CPU.Build.0 = Release|Any CPU
		{52DF2E2E-8612-42BB-BDE8-65D300D1CC50}.Debug|Any CPU.ActiveCfg = Debug|Any CPU
		{52DF2E2E-8612-42BB-BDE8-65D300D1CC50}.Debug|Any CPU.Build.0 = Debug|Any CPU
		{52DF2E2E-8612-42BB-BDE8-65D300D1CC50}.Release|Any CPU.ActiveCfg = Release|Any CPU
		{52DF2E2E-8612-42BB-BDE8-65D300D1CC50}.Release|Any CPU.Build.0 = Release|Any CPU
		{117C1E95-5C65-4D3B-922B-307F03BA06E5}.Debug|Any CPU.ActiveCfg = Debug|Any CPU
		{117C1E95-5C65-4D3B-922B-307F03BA06E5}.Debug|Any CPU.Build.0 = Debug|Any CPU
		{117C1E95-5C65-4D3B-922B-307F03BA06E5}.Release|Any CPU.ActiveCfg = Release|Any CPU
		{117C1E95-5C65-4D3B-922B-307F03BA06E5}.Release|Any CPU.Build.0 = Release|Any CPU
		{92DF8229-8BF3-4E5F-A75A-2650EE50091B}.Debug|Any CPU.ActiveCfg = Debug|Any CPU
		{92DF8229-8BF3-4E5F-A75A-2650EE50091B}.Debug|Any CPU.Build.0 = Debug|Any CPU
		{92DF8229-8BF3-4E5F-A75A-2650EE50091B}.Release|Any CPU.ActiveCfg = Release|Any CPU
		{92DF8229-8BF3-4E5F-A75A-2650EE50091B}.Release|Any CPU.Build.0 = Release|Any CPU
		{7C4FB672-2C3B-4855-A969-313FFEEF97B8}.Debug|Any CPU.ActiveCfg = Debug|Any CPU
		{7C4FB672-2C3B-4855-A969-313FFEEF97B8}.Debug|Any CPU.Build.0 = Debug|Any CPU
		{7C4FB672-2C3B-4855-A969-313FFEEF97B8}.Release|Any CPU.ActiveCfg = Release|Any CPU
		{7C4FB672-2C3B-4855-A969-313FFEEF97B8}.Release|Any CPU.Build.0 = Release|Any CPU
		{74D800C2-AC35-42DD-802A-9B0D180569FB}.Debug|Any CPU.ActiveCfg = Debug|Any CPU
		{74D800C2-AC35-42DD-802A-9B0D180569FB}.Debug|Any CPU.Build.0 = Debug|Any CPU
		{74D800C2-AC35-42DD-802A-9B0D180569FB}.Release|Any CPU.ActiveCfg = Release|Any CPU
		{74D800C2-AC35-42DD-802A-9B0D180569FB}.Release|Any CPU.Build.0 = Release|Any CPU
		{53F3747A-A33B-4686-90AF-40885B9D17BB}.Debug|Any CPU.ActiveCfg = Debug|Any CPU
		{53F3747A-A33B-4686-90AF-40885B9D17BB}.Debug|Any CPU.Build.0 = Debug|Any CPU
		{53F3747A-A33B-4686-90AF-40885B9D17BB}.Release|Any CPU.ActiveCfg = Release|Any CPU
		{53F3747A-A33B-4686-90AF-40885B9D17BB}.Release|Any CPU.Build.0 = Release|Any CPU
		{F0D17E5D-C606-4BA4-89F2-4DDA9742DFB9}.Debug|Any CPU.ActiveCfg = Debug|Any CPU
		{F0D17E5D-C606-4BA4-89F2-4DDA9742DFB9}.Debug|Any CPU.Build.0 = Debug|Any CPU
		{F0D17E5D-C606-4BA4-89F2-4DDA9742DFB9}.Release|Any CPU.ActiveCfg = Release|Any CPU
		{F0D17E5D-C606-4BA4-89F2-4DDA9742DFB9}.Release|Any CPU.Build.0 = Release|Any CPU
		{9BD6451B-4D44-480A-B16F-16BBA0277273}.Debug|Any CPU.ActiveCfg = Debug|Any CPU
		{9BD6451B-4D44-480A-B16F-16BBA0277273}.Debug|Any CPU.Build.0 = Debug|Any CPU
		{9BD6451B-4D44-480A-B16F-16BBA0277273}.Release|Any CPU.ActiveCfg = Release|Any CPU
		{9BD6451B-4D44-480A-B16F-16BBA0277273}.Release|Any CPU.Build.0 = Release|Any CPU
		{B2654C57-D3E6-4C08-9F44-91EFA9471C61}.Debug|Any CPU.ActiveCfg = Debug|Any CPU
		{B2654C57-D3E6-4C08-9F44-91EFA9471C61}.Debug|Any CPU.Build.0 = Debug|Any CPU
		{B2654C57-D3E6-4C08-9F44-91EFA9471C61}.Release|Any CPU.ActiveCfg = Release|Any CPU
		{B2654C57-D3E6-4C08-9F44-91EFA9471C61}.Release|Any CPU.Build.0 = Release|Any CPU
		{BAB63665-A255-48A5-83CE-1D874854DF3C}.Debug|Any CPU.ActiveCfg = Debug|Any CPU
		{BAB63665-A255-48A5-83CE-1D874854DF3C}.Debug|Any CPU.Build.0 = Debug|Any CPU
		{BAB63665-A255-48A5-83CE-1D874854DF3C}.Release|Any CPU.ActiveCfg = Release|Any CPU
		{BAB63665-A255-48A5-83CE-1D874854DF3C}.Release|Any CPU.Build.0 = Release|Any CPU
		{B2DDAA4C-4A50-48E7-8C6A-EB2A4529712F}.Debug|Any CPU.ActiveCfg = Debug|Any CPU
		{B2DDAA4C-4A50-48E7-8C6A-EB2A4529712F}.Debug|Any CPU.Build.0 = Debug|Any CPU
		{B2DDAA4C-4A50-48E7-8C6A-EB2A4529712F}.Release|Any CPU.ActiveCfg = Release|Any CPU
		{B2DDAA4C-4A50-48E7-8C6A-EB2A4529712F}.Release|Any CPU.Build.0 = Release|Any CPU
		{DBE2A6DF-9C95-43E6-B2BA-3F30E0B4018C}.Debug|Any CPU.ActiveCfg = Debug|Any CPU
		{DBE2A6DF-9C95-43E6-B2BA-3F30E0B4018C}.Debug|Any CPU.Build.0 = Debug|Any CPU
		{DBE2A6DF-9C95-43E6-B2BA-3F30E0B4018C}.Release|Any CPU.ActiveCfg = Release|Any CPU
		{DBE2A6DF-9C95-43E6-B2BA-3F30E0B4018C}.Release|Any CPU.Build.0 = Release|Any CPU
		{FCA40236-005F-4CD5-8D25-46C41B9A41BC}.Debug|Any CPU.ActiveCfg = Debug|Any CPU
		{FCA40236-005F-4CD5-8D25-46C41B9A41BC}.Debug|Any CPU.Build.0 = Debug|Any CPU
		{FCA40236-005F-4CD5-8D25-46C41B9A41BC}.Release|Any CPU.ActiveCfg = Release|Any CPU
		{FCA40236-005F-4CD5-8D25-46C41B9A41BC}.Release|Any CPU.Build.0 = Release|Any CPU
		{324D3280-AD55-489D-A345-AA3E7998B576}.Debug|Any CPU.ActiveCfg = Debug|Any CPU
		{324D3280-AD55-489D-A345-AA3E7998B576}.Debug|Any CPU.Build.0 = Debug|Any CPU
		{324D3280-AD55-489D-A345-AA3E7998B576}.Release|Any CPU.ActiveCfg = Release|Any CPU
		{324D3280-AD55-489D-A345-AA3E7998B576}.Release|Any CPU.Build.0 = Release|Any CPU
		{E35D6D89-C8BC-4CC4-A246-E06413512B06}.Debug|Any CPU.ActiveCfg = Debug|Any CPU
		{E35D6D89-C8BC-4CC4-A246-E06413512B06}.Debug|Any CPU.Build.0 = Debug|Any CPU
		{E35D6D89-C8BC-4CC4-A246-E06413512B06}.Release|Any CPU.ActiveCfg = Release|Any CPU
		{E35D6D89-C8BC-4CC4-A246-E06413512B06}.Release|Any CPU.Build.0 = Release|Any CPU
		{63CB01BC-04FD-41FF-8A61-EFDE62EC2FE4}.Debug|Any CPU.ActiveCfg = Debug|Any CPU
		{63CB01BC-04FD-41FF-8A61-EFDE62EC2FE4}.Debug|Any CPU.Build.0 = Debug|Any CPU
		{63CB01BC-04FD-41FF-8A61-EFDE62EC2FE4}.Release|Any CPU.ActiveCfg = Release|Any CPU
		{63CB01BC-04FD-41FF-8A61-EFDE62EC2FE4}.Release|Any CPU.Build.0 = Release|Any CPU
		{D61D4F54-0A28-4396-A70D-F7C36014BD10}.Debug|Any CPU.ActiveCfg = Debug|Any CPU
		{D61D4F54-0A28-4396-A70D-F7C36014BD10}.Debug|Any CPU.Build.0 = Debug|Any CPU
		{D61D4F54-0A28-4396-A70D-F7C36014BD10}.Release|Any CPU.ActiveCfg = Release|Any CPU
		{D61D4F54-0A28-4396-A70D-F7C36014BD10}.Release|Any CPU.Build.0 = Release|Any CPU
		{52315C4F-392B-437D-A72E-1BC3D85860C6}.Debug|Any CPU.ActiveCfg = Debug|Any CPU
		{52315C4F-392B-437D-A72E-1BC3D85860C6}.Debug|Any CPU.Build.0 = Debug|Any CPU
		{52315C4F-392B-437D-A72E-1BC3D85860C6}.Release|Any CPU.ActiveCfg = Release|Any CPU
		{52315C4F-392B-437D-A72E-1BC3D85860C6}.Release|Any CPU.Build.0 = Release|Any CPU
		{E9C55793-4D6A-401C-8D01-451F87D4EAB7}.Debug|Any CPU.ActiveCfg = Debug|Any CPU
		{E9C55793-4D6A-401C-8D01-451F87D4EAB7}.Debug|Any CPU.Build.0 = Debug|Any CPU
		{E9C55793-4D6A-401C-8D01-451F87D4EAB7}.Release|Any CPU.ActiveCfg = Release|Any CPU
		{E9C55793-4D6A-401C-8D01-451F87D4EAB7}.Release|Any CPU.Build.0 = Release|Any CPU
		{8A08B939-A379-417F-8A36-5B5E8C934411}.Debug|Any CPU.ActiveCfg = Debug|Any CPU
		{8A08B939-A379-417F-8A36-5B5E8C934411}.Debug|Any CPU.Build.0 = Debug|Any CPU
		{8A08B939-A379-417F-8A36-5B5E8C934411}.Release|Any CPU.ActiveCfg = Release|Any CPU
		{8A08B939-A379-417F-8A36-5B5E8C934411}.Release|Any CPU.Build.0 = Release|Any CPU
		{2152EBEB-E6B5-4776-A9B0-86B01ADB3DDD}.Debug|Any CPU.ActiveCfg = Debug|Any CPU
		{2152EBEB-E6B5-4776-A9B0-86B01ADB3DDD}.Debug|Any CPU.Build.0 = Debug|Any CPU
		{2152EBEB-E6B5-4776-A9B0-86B01ADB3DDD}.Release|Any CPU.ActiveCfg = Release|Any CPU
		{2152EBEB-E6B5-4776-A9B0-86B01ADB3DDD}.Release|Any CPU.Build.0 = Release|Any CPU
		{7392B085-37B2-4CB4-806D-6955E82CD944}.Debug|Any CPU.ActiveCfg = Debug|Any CPU
		{7392B085-37B2-4CB4-806D-6955E82CD944}.Debug|Any CPU.Build.0 = Debug|Any CPU
		{7392B085-37B2-4CB4-806D-6955E82CD944}.Release|Any CPU.ActiveCfg = Release|Any CPU
		{7392B085-37B2-4CB4-806D-6955E82CD944}.Release|Any CPU.Build.0 = Release|Any CPU
		{CFA46BFD-1553-4CB9-8E3B-907424D7DD00}.Debug|Any CPU.ActiveCfg = Debug|Any CPU
		{CFA46BFD-1553-4CB9-8E3B-907424D7DD00}.Debug|Any CPU.Build.0 = Debug|Any CPU
		{CFA46BFD-1553-4CB9-8E3B-907424D7DD00}.Release|Any CPU.ActiveCfg = Release|Any CPU
		{CFA46BFD-1553-4CB9-8E3B-907424D7DD00}.Release|Any CPU.Build.0 = Release|Any CPU
		{AB84CD92-6F06-4AC7-9231-597B8CCB6CF9}.Debug|Any CPU.ActiveCfg = Debug|Any CPU
		{AB84CD92-6F06-4AC7-9231-597B8CCB6CF9}.Debug|Any CPU.Build.0 = Debug|Any CPU
		{AB84CD92-6F06-4AC7-9231-597B8CCB6CF9}.Release|Any CPU.ActiveCfg = Release|Any CPU
		{AB84CD92-6F06-4AC7-9231-597B8CCB6CF9}.Release|Any CPU.Build.0 = Release|Any CPU
		{B6BF280B-0178-42AD-A996-70176C373B91}.Debug|Any CPU.ActiveCfg = Debug|Any CPU
		{B6BF280B-0178-42AD-A996-70176C373B91}.Debug|Any CPU.Build.0 = Debug|Any CPU
		{B6BF280B-0178-42AD-A996-70176C373B91}.Release|Any CPU.ActiveCfg = Release|Any CPU
		{B6BF280B-0178-42AD-A996-70176C373B91}.Release|Any CPU.Build.0 = Release|Any CPU
		{4E723937-A2E3-4592-BFB0-0FD4E1214265}.Debug|Any CPU.ActiveCfg = Debug|Any CPU
		{4E723937-A2E3-4592-BFB0-0FD4E1214265}.Debug|Any CPU.Build.0 = Debug|Any CPU
		{4E723937-A2E3-4592-BFB0-0FD4E1214265}.Release|Any CPU.ActiveCfg = Release|Any CPU
		{4E723937-A2E3-4592-BFB0-0FD4E1214265}.Release|Any CPU.Build.0 = Release|Any CPU
		{55225186-647B-44DF-A1F3-AA8A97A00C99}.Debug|Any CPU.ActiveCfg = Debug|Any CPU
		{55225186-647B-44DF-A1F3-AA8A97A00C99}.Debug|Any CPU.Build.0 = Debug|Any CPU
		{55225186-647B-44DF-A1F3-AA8A97A00C99}.Release|Any CPU.ActiveCfg = Release|Any CPU
		{55225186-647B-44DF-A1F3-AA8A97A00C99}.Release|Any CPU.Build.0 = Release|Any CPU
		{B667F0DF-2A83-4E81-97C4-EACC7B11B0C8}.Debug|Any CPU.ActiveCfg = Debug|Any CPU
		{B667F0DF-2A83-4E81-97C4-EACC7B11B0C8}.Debug|Any CPU.Build.0 = Debug|Any CPU
		{B667F0DF-2A83-4E81-97C4-EACC7B11B0C8}.Release|Any CPU.ActiveCfg = Release|Any CPU
		{B667F0DF-2A83-4E81-97C4-EACC7B11B0C8}.Release|Any CPU.Build.0 = Release|Any CPU
		{9475DCF3-7D0B-4F06-9D23-73BB077201FB}.Debug|Any CPU.ActiveCfg = Debug|Any CPU
		{9475DCF3-7D0B-4F06-9D23-73BB077201FB}.Debug|Any CPU.Build.0 = Debug|Any CPU
		{9475DCF3-7D0B-4F06-9D23-73BB077201FB}.Release|Any CPU.ActiveCfg = Release|Any CPU
		{9475DCF3-7D0B-4F06-9D23-73BB077201FB}.Release|Any CPU.Build.0 = Release|Any CPU
		{4004431A-F2D7-4D71-916B-B267A8250804}.Debug|Any CPU.ActiveCfg = Debug|Any CPU
		{4004431A-F2D7-4D71-916B-B267A8250804}.Debug|Any CPU.Build.0 = Debug|Any CPU
		{4004431A-F2D7-4D71-916B-B267A8250804}.Release|Any CPU.ActiveCfg = Release|Any CPU
		{4004431A-F2D7-4D71-916B-B267A8250804}.Release|Any CPU.Build.0 = Release|Any CPU
		{116E8F29-0131-46AF-B27D-FE4BA17C2047}.Debug|Any CPU.ActiveCfg = Debug|Any CPU
		{116E8F29-0131-46AF-B27D-FE4BA17C2047}.Debug|Any CPU.Build.0 = Debug|Any CPU
		{116E8F29-0131-46AF-B27D-FE4BA17C2047}.Release|Any CPU.ActiveCfg = Release|Any CPU
		{116E8F29-0131-46AF-B27D-FE4BA17C2047}.Release|Any CPU.Build.0 = Release|Any CPU
		{FA631000-7762-4D81-9019-94D0733372A1}.Debug|Any CPU.ActiveCfg = Debug|Any CPU
		{FA631000-7762-4D81-9019-94D0733372A1}.Debug|Any CPU.Build.0 = Debug|Any CPU
		{FA631000-7762-4D81-9019-94D0733372A1}.Release|Any CPU.ActiveCfg = Release|Any CPU
		{FA631000-7762-4D81-9019-94D0733372A1}.Release|Any CPU.Build.0 = Release|Any CPU
		{EE085D20-A34C-4DB4-894F-FDB5C0726615}.Debug|Any CPU.ActiveCfg = Debug|Any CPU
		{EE085D20-A34C-4DB4-894F-FDB5C0726615}.Debug|Any CPU.Build.0 = Debug|Any CPU
		{EE085D20-A34C-4DB4-894F-FDB5C0726615}.Release|Any CPU.ActiveCfg = Release|Any CPU
		{EE085D20-A34C-4DB4-894F-FDB5C0726615}.Release|Any CPU.Build.0 = Release|Any CPU
		{1EF6DBA6-7959-46B8-8C07-9D2B3559C896}.Debug|Any CPU.ActiveCfg = Debug|Any CPU
		{1EF6DBA6-7959-46B8-8C07-9D2B3559C896}.Debug|Any CPU.Build.0 = Debug|Any CPU
		{1EF6DBA6-7959-46B8-8C07-9D2B3559C896}.Release|Any CPU.ActiveCfg = Release|Any CPU
		{1EF6DBA6-7959-46B8-8C07-9D2B3559C896}.Release|Any CPU.Build.0 = Release|Any CPU
		{C60090E3-51CE-437D-A152-1104581CF70F}.Debug|Any CPU.ActiveCfg = Debug|Any CPU
		{C60090E3-51CE-437D-A152-1104581CF70F}.Debug|Any CPU.Build.0 = Debug|Any CPU
		{C60090E3-51CE-437D-A152-1104581CF70F}.Release|Any CPU.ActiveCfg = Release|Any CPU
		{C60090E3-51CE-437D-A152-1104581CF70F}.Release|Any CPU.Build.0 = Release|Any CPU
		{F989DB99-F307-41A5-B4E3-D0D541C618CD}.Debug|Any CPU.ActiveCfg = Debug|Any CPU
		{F989DB99-F307-41A5-B4E3-D0D541C618CD}.Debug|Any CPU.Build.0 = Debug|Any CPU
		{F989DB99-F307-41A5-B4E3-D0D541C618CD}.Release|Any CPU.ActiveCfg = Release|Any CPU
		{F989DB99-F307-41A5-B4E3-D0D541C618CD}.Release|Any CPU.Build.0 = Release|Any CPU
		{F3C94BE0-B0A3-4165-86B1-14BA61C262A9}.Debug|Any CPU.ActiveCfg = Debug|Any CPU
		{F3C94BE0-B0A3-4165-86B1-14BA61C262A9}.Debug|Any CPU.Build.0 = Debug|Any CPU
		{F3C94BE0-B0A3-4165-86B1-14BA61C262A9}.Release|Any CPU.ActiveCfg = Release|Any CPU
		{F3C94BE0-B0A3-4165-86B1-14BA61C262A9}.Release|Any CPU.Build.0 = Release|Any CPU
		{9A4E6370-0525-4869-ACC1-2E5AB3E89760}.Debug|Any CPU.ActiveCfg = Debug|Any CPU
		{9A4E6370-0525-4869-ACC1-2E5AB3E89760}.Debug|Any CPU.Build.0 = Debug|Any CPU
		{9A4E6370-0525-4869-ACC1-2E5AB3E89760}.Release|Any CPU.ActiveCfg = Release|Any CPU
		{9A4E6370-0525-4869-ACC1-2E5AB3E89760}.Release|Any CPU.Build.0 = Release|Any CPU
	EndGlobalSection
	GlobalSection(SolutionProperties) = preSolution
		HideSolutionNode = FALSE
	EndGlobalSection
	GlobalSection(ExtensibilityGlobals) = postSolution
		SolutionGuid = {DCF83CF1-A2B8-4247-9075-7B6680B2DA71}
	EndGlobalSection
EndGlobal
