
Microsoft Visual Studio Solution File, Format Version 12.00
# Visual Studio Version 16
VisualStudioVersion = 16.0.31729.503
MinimumVisualStudioVersion = 10.0.40219.1
Project("{9A19103F-16F7-4668-BE54-9A1E7A4F7556}") = "ConsoleApp01", "ConsoleApp01\ConsoleApp01.csproj", "{B000A64A-71FD-4940-8E4D-1E012514944E}"
EndProject
Project("{9A19103F-16F7-4668-BE54-9A1E7A4F7556}") = "ConsoleApp02", "ConsoleApp02\ConsoleApp02.csproj", "{D1717293-0ADD-4EBC-B4A7-89E0905D0FA1}"
EndProject
Project("{9A19103F-16F7-4668-BE54-9A1E7A4F7556}") = "ConsoleApp03", "ConsoleApp03\ConsoleApp03.csproj", "{52DF2E2E-8612-42BB-BDE8-65D300D1CC50}"
EndProject
Project("{9A19103F-16F7-4668-BE54-9A1E7A4F7556}") = "ConsoleApp04", "ConsoleApp04\ConsoleApp04.csproj", "{117C1E95-5C65-4D3B-922B-307F03BA06E5}"
EndProject
Project("{9A19103F-16F7-4668-BE54-9A1E7A4F7556}") = "ConsoleApp05", "ConsoleApp5\ConsoleApp05.csproj", "{92DF8229-8BF3-4E5F-A75A-2650EE50091B}"
EndProject
Project("{9A19103F-16F7-4668-BE54-9A1E7A4F7556}") = "ConsoleApp06", "ConsoleApp06\ConsoleApp06.csproj", "{7C4FB672-2C3B-4855-A969-313FFEEF97B8}"
EndProject
Project("{9A19103F-16F7-4668-BE54-9A1E7A4F7556}") = "ConsoleApp07", "ConsoleApp07\ConsoleApp07.csproj", "{74D800C2-AC35-42DD-802A-9B0D180569FB}"
EndProject
Project("{9A19103F-16F7-4668-BE54-9A1E7A4F7556}") = "ConsoleApp08", "ConsoleApp08\ConsoleApp08.csproj", "{53F3747A-A33B-4686-90AF-40885B9D17BB}"
EndProject
Project("{9A19103F-16F7-4668-BE54-9A1E7A4F7556}") = "ConsoleApp09", "ConsoleApp09\ConsoleApp09.csproj", "{F0D17E5D-C606-4BA4-89F2-4DDA9742DFB9}"
EndProject
Project("{9A19103F-16F7-4668-BE54-9A1E7A4F7556}") = "ConsoleApp10", "ConsoleApp10\ConsoleApp10.csproj", "{9BD6451B-4D44-480A-B16F-16BBA0277273}"
EndProject
Project("{9A19103F-16F7-4668-BE54-9A1E7A4F7556}") = "ConsoleApp11", "ConsoleApp11\ConsoleApp11.csproj", "{B2654C57-D3E6-4C08-9F44-91EFA9471C61}"
EndProject
Project("{9A19103F-16F7-4668-BE54-9A1E7A4F7556}") = "ConsoleApp12", "ConsoleApp12\ConsoleApp12.csproj", "{BAB63665-A255-48A5-83CE-1D874854DF3C}"
EndProject
Project("{9A19103F-16F7-4668-BE54-9A1E7A4F7556}") = "ConsoleApp13", "ConsoleApp13\ConsoleApp13.csproj", "{B2DDAA4C-4A50-48E7-8C6A-EB2A4529712F}"
EndProject
Project("{9A19103F-16F7-4668-BE54-9A1E7A4F7556}") = "ConsoleApp14", "ConsoleApp14\ConsoleApp14.csproj", "{DBE2A6DF-9C95-43E6-B2BA-3F30E0B4018C}"
EndProject
Project("{9A19103F-16F7-4668-BE54-9A1E7A4F7556}") = "ConsoleApp15", "ConsoleApp15\ConsoleApp15.csproj", "{FCA40236-005F-4CD5-8D25-46C41B9A41BC}"
EndProject
Project("{9A19103F-16F7-4668-BE54-9A1E7A4F7556}") = "ConsoleApp16", "ConsoleApp16\ConsoleApp16.csproj", "{324D3280-AD55-489D-A345-AA3E7998B576}"
EndProject
Project("{9A19103F-16F7-4668-BE54-9A1E7A4F7556}") = "ConsoleApp17", "ConsoleApp17\ConsoleApp17.csproj", "{E35D6D89-C8BC-4CC4-A246-E06413512B06}"
EndProject
Project("{9A19103F-16F7-4668-BE54-9A1E7A4F7556}") = "ConsoleApp18", "ConsoleApp18\ConsoleApp18.csproj", "{63CB01BC-04FD-41FF-8A61-EFDE62EC2FE4}"
EndProject
Project("{9A19103F-16F7-4668-BE54-9A1E7A4F7556}") = "ConsoleApp19", "ConsoleApp19\ConsoleApp19.csproj", "{D61D4F54-0A28-4396-A70D-F7C36014BD10}"
EndProject
Project("{9A19103F-16F7-4668-BE54-9A1E7A4F7556}") = "ConsoleApp20", "ConsoleApp20\ConsoleApp20.csproj", "{52315C4F-392B-437D-A72E-1BC3D85860C6}"
EndProject
Project("{9A19103F-16F7-4668-BE54-9A1E7A4F7556}") = "ConsoleApp21", "ConsoleApp21\ConsoleApp21.csproj", "{E9C55793-4D6A-401C-8D01-451F87D4EAB7}"
EndProject
Project("{9A19103F-16F7-4668-BE54-9A1E7A4F7556}") = "ConsoleApp22", "ConsoleApp22\ConsoleApp22.csproj", "{8A08B939-A379-417F-8A36-5B5E8C934411}"
EndProject
Project("{9A19103F-16F7-4668-BE54-9A1E7A4F7556}") = "ConsoleApp23", "ConsoleApp23\ConsoleApp23.csproj", "{2152EBEB-E6B5-4776-A9B0-86B01ADB3DDD}"
EndProject
Project("{9A19103F-16F7-4668-BE54-9A1E7A4F7556}") = "ConsoleApp24", "ConsoleApp24\ConsoleApp24.csproj", "{7392B085-37B2-4CB4-806D-6955E82CD944}"
EndProject
Project("{9A19103F-16F7-4668-BE54-9A1E7A4F7556}") = "ConsoleApp25", "ConsoleApp25\ConsoleApp25.csproj", "{CFA46BFD-1553-4CB9-8E3B-907424D7DD00}"
EndProject
Project("{9A19103F-16F7-4668-BE54-9A1E7A4F7556}") = "ConsoleApp26", "ConsoleApp26\ConsoleApp26.csproj", "{AB84CD92-6F06-4AC7-9231-597B8CCB6CF9}"
EndProject
Project("{9A19103F-16F7-4668-BE54-9A1E7A4F7556}") = "ConsoleApp27", "ConsoleApp27\ConsoleApp27.csproj", "{B6BF280B-0178-42AD-A996-70176C373B91}"
EndProject
Project("{9A19103F-16F7-4668-BE54-9A1E7A4F7556}") = "ConsoleApp28", "ConsoleApp28\ConsoleApp28.csproj", "{4E723937-A2E3-4592-BFB0-0FD4E1214265}"
EndProject
Project("{9A19103F-16F7-4668-BE54-9A1E7A4F7556}") = "ConsoleApp29", "ConsoleApp29\ConsoleApp29.csproj", "{55225186-647B-44DF-A1F3-AA8A97A00C99}"
EndProject
Project("{9A19103F-16F7-4668-BE54-9A1E7A4F7556}") = "ConsoleApp30", "ConsoleApp30\ConsoleApp30.csproj", "{B667F0DF-2A83-4E81-97C4-EACC7B11B0C8}"
EndProject
Project("{9A19103F-16F7-4668-BE54-9A1E7A4F7556}") = "ConsoleApp31", "ConsoleApp31\ConsoleApp31.csproj", "{9475DCF3-7D0B-4F06-9D23-73BB077201FB}"
EndProject
Project("{9A19103F-16F7-4668-BE54-9A1E7A4F7556}") = "ConsoleApp32", "ConsoleApp32\ConsoleApp32.csproj", "{4004431A-F2D7-4D71-916B-B267A8250804}"
EndProject
Project("{9A19103F-16F7-4668-BE54-9A1E7A4F7556}") = "ConsoleApp33", "ConsoleApp33\ConsoleApp33.csproj", "{116E8F29-0131-46AF-B27D-FE4BA17C2047}"
EndProject
Project("{9A19103F-16F7-4668-BE54-9A1E7A4F7556}") = "ConsoleApp34", "ConsoleApp34\ConsoleApp34.csproj", "{FA631000-7762-4D81-9019-94D0733372A1}"
EndProject
Project("{9A19103F-16F7-4668-BE54-9A1E7A4F7556}") = "ConsoleApp35", "ConsoleApp35\ConsoleApp35.csproj", "{EE085D20-A34C-4DB4-894F-FDB5C0726615}"
EndProject
Project("{9A19103F-16F7-4668-BE54-9A1E7A4F7556}") = "ConsoleApp36", "ConsoleApp36\ConsoleApp36.csproj", "{1EF6DBA6-7959-46B8-8C07-9D2B3559C896}"
EndProject
Project("{9A19103F-16F7-4668-BE54-9A1E7A4F7556}") = "ConsoleApp37", "ConsoleApp37\ConsoleApp37.csproj", "{C60090E3-51CE-437D-A152-1104581CF70F}"
EndProject
Project("{9A19103F-16F7-4668-BE54-9A1E7A4F7556}") = "ConsoleApp38", "ConsoleApp38\ConsoleApp38.csproj", "{F989DB99-F307-41A5-B4E3-D0D541C618CD}"
EndProject
Project("{9A19103F-16F7-4668-BE54-9A1E7A4F7556}") = "ConsoleApp39", "ConsoleApp39\ConsoleApp39.csproj", "{F3C94BE0-B0A3-4165-86B1-14BA61C262A9}"
EndProject
Project("{9A19103F-16F7-4668-BE54-9A1E7A4F7556}") = "ConsoleApp40", "ConsoleApp40\ConsoleApp40.csproj", "{9A4E6370-0525-4869-ACC1-2E5AB3E89760}"
EndProject
Project("{9A19103F-16F7-4668-BE54-9A1E7A4F7556}") = "ConsoleApp41", "ConsoleApp41\ConsoleApp41.csproj", "{558DC712-6D5B-4A16-A478-9E31F504CCE7}"
EndProject
Project("{9A19103F-16F7-4668-BE54-9A1E7A4F7556}") = "ConsoleApp42", "ConsoleApp42\ConsoleApp42.csproj", "{3B439B02-93FF-4A08-92EB-EF8C96A4E3E1}"
EndProject
Project("{9A19103F-16F7-4668-BE54-9A1E7A4F7556}") = "ConsoleApp43", "ConsoleApp43\ConsoleApp43.csproj", "{AE0DA1CC-001C-4BC2-91FD-514BC6F5FB58}"
EndProject
Project("{9A19103F-16F7-4668-BE54-9A1E7A4F7556}") = "ConsoleApp44", "ConsoleApp44\ConsoleApp44.csproj", "{BFC5AF24-C8A9-4EAA-BC87-2D92544816A6}"
EndProject
Project("{9A19103F-16F7-4668-BE54-9A1E7A4F7556}") = "ConsoleApp45", "ConsoleApp45\ConsoleApp45.csproj", "{3B2684BE-9C3C-4B81-AC46-B87F4B07EFB6}"
EndProject
Project("{9A19103F-16F7-4668-BE54-9A1E7A4F7556}") = "ConsoleApp46", "ConsoleApp46\ConsoleApp46.csproj", "{0DF84A4E-C11C-4D70-B1D7-773CBB8BEEED}"
EndProject
Project("{9A19103F-16F7-4668-BE54-9A1E7A4F7556}") = "ConsoleApp47", "ConsoleApp47\ConsoleApp47.csproj", "{4F83FC4B-0513-4C93-A56F-1CCA65375997}"
EndProject
Project("{9A19103F-16F7-4668-BE54-9A1E7A4F7556}") = "ConsoleApp48", "ConsoleApp48\ConsoleApp48.csproj", "{BE5DA168-17E7-4406-8F14-708AAB20BC6D}"
EndProject
Project("{9A19103F-16F7-4668-BE54-9A1E7A4F7556}") = "ConsoleApp49", "ConsoleApp49\ConsoleApp49.csproj", "{EB61444E-063D-45A8-B08A-C3240DE2997B}"
EndProject
Project("{9A19103F-16F7-4668-BE54-9A1E7A4F7556}") = "ConsoleApp50", "ConsoleApp50\ConsoleApp50.csproj", "{4ECEA39C-FAF4-4A73-B47C-BEB243CC6730}"
EndProject
Project("{9A19103F-16F7-4668-BE54-9A1E7A4F7556}") = "ConsoleApp51", "ConsoleApp51\ConsoleApp51.csproj", "{234FF1C1-3FBA-4B85-A81F-0572E1695E12}"
EndProject
Project("{9A19103F-16F7-4668-BE54-9A1E7A4F7556}") = "ConsoleApp52", "ConsoleApp52\ConsoleApp52.csproj", "{C6C1EA8C-74B4-4729-BD10-06A5AA0E6958}"
EndProject
Project("{9A19103F-16F7-4668-BE54-9A1E7A4F7556}") = "ConsoleApp53", "ConsoleApp53\ConsoleApp53.csproj", "{8790D0CF-296B-4472-BE1B-53F977269E45}"
EndProject
Project("{9A19103F-16F7-4668-BE54-9A1E7A4F7556}") = "ConsoleApp54", "ConsoleApp54\ConsoleApp54.csproj", "{4CD4B26D-F465-4764-B8C8-325FF9ADF531}"
EndProject
Project("{9A19103F-16F7-4668-BE54-9A1E7A4F7556}") = "ConsoleApp55", "ConsoleApp55\ConsoleApp55.csproj", "{4CA14C6D-A39F-41E8-BD02-5FBBAF28F93F}"
EndProject
Project("{9A19103F-16F7-4668-BE54-9A1E7A4F7556}") = "ConsoleApp56", "ConsoleApp56\ConsoleApp56.csproj", "{0A08DFE3-A101-43FF-BEF9-EA91CDCCFB88}"
EndProject
Project("{9A19103F-16F7-4668-BE54-9A1E7A4F7556}") = "ConsoleApp57", "ConsoleApp57\ConsoleApp57.csproj", "{3A0E59DB-6D48-4FB5-A915-933BD4EED58C}"
EndProject
Project("{9A19103F-16F7-4668-BE54-9A1E7A4F7556}") = "ConsoleApp58", "ConsoleApp58\ConsoleApp58.csproj", "{8B6C6A58-A90F-440C-B32C-8BBD4C8CE752}"
EndProject
Project("{9A19103F-16F7-4668-BE54-9A1E7A4F7556}") = "ConsoleApp59", "ConsoleApp59\ConsoleApp59.csproj", "{1B4B0EF0-5860-4CD8-BBC8-B519089942F4}"
EndProject
Project("{9A19103F-16F7-4668-BE54-9A1E7A4F7556}") = "ConsoleApp60", "ConsoleApp60\ConsoleApp60.csproj", "{71E77498-4571-424A-B095-BD3B9F59F476}"
EndProject
Project("{9A19103F-16F7-4668-BE54-9A1E7A4F7556}") = "ConsoleApp61", "ConsoleApp61\ConsoleApp61.csproj", "{DDF2B87A-9456-4A89-9511-766FF058EA38}"
EndProject
Project("{9A19103F-16F7-4668-BE54-9A1E7A4F7556}") = "ConsoleApp62", "ConsoleApp62\ConsoleApp62.csproj", "{5E66D725-3A2C-4F3D-9434-7EDB4C30D5F1}"
EndProject
Project("{9A19103F-16F7-4668-BE54-9A1E7A4F7556}") = "ConsoleApp63", "ConsoleApp63\ConsoleApp63.csproj", "{ED3C407C-4DFE-45B4-874A-704C04F73621}"
EndProject
Project("{9A19103F-16F7-4668-BE54-9A1E7A4F7556}") = "ConsoleApp64", "ConsoleApp64\ConsoleApp64.csproj", "{59514485-E297-440C-A88E-19F0159E9431}"
EndProject
Project("{9A19103F-16F7-4668-BE54-9A1E7A4F7556}") = "ConsoleApp65", "ConsoleApp65\ConsoleApp65.csproj", "{C397C7AE-46DC-4E8D-B6EE-BD12E9631627}"
EndProject
Project("{9A19103F-16F7-4668-BE54-9A1E7A4F7556}") = "ConsoleApp66", "ConsoleApp66\ConsoleApp66.csproj", "{DFF41381-6695-40C1-9FC3-3923CC8B6B82}"
EndProject
Project("{9A19103F-16F7-4668-BE54-9A1E7A4F7556}") = "ConsoleApp67", "ConsoleApp67\ConsoleApp67.csproj", "{E526AF60-4708-40BE-9AC3-722ACA7BE86B}"
EndProject
Project("{9A19103F-16F7-4668-BE54-9A1E7A4F7556}") = "ConsoleApp68", "ConsoleApp68\ConsoleApp68.csproj", "{9FF03398-34E3-4705-8AA7-6BB4FB38367D}"
EndProject
Project("{9A19103F-16F7-4668-BE54-9A1E7A4F7556}") = "ConsoleApp69", "ConsoleApp69\ConsoleApp69.csproj", "{FBC16BFC-6826-4BAD-8110-E74F23F7719C}"
EndProject
Project("{9A19103F-16F7-4668-BE54-9A1E7A4F7556}") = "ConsoleApp70", "ConsoleApp70\ConsoleApp70.csproj", "{64026BA5-D250-4582-A23D-6DECE3B7FE87}"
EndProject
Project("{9A19103F-16F7-4668-BE54-9A1E7A4F7556}") = "ConsoleApp71", "ConsoleApp71\ConsoleApp71.csproj", "{0E35D26B-A427-4D28-BFB9-2222C444181D}"
EndProject
Project("{9A19103F-16F7-4668-BE54-9A1E7A4F7556}") = "ConsoleApp72", "ConsoleApp72\ConsoleApp72.csproj", "{B8DABEA5-5AAC-4813-BE4F-1997AF9F5888}"
EndProject
Project("{9A19103F-16F7-4668-BE54-9A1E7A4F7556}") = "ConsoleApp73", "ConsoleApp73\ConsoleApp73.csproj", "{4504CB97-6E5A-4DA5-A659-26C0B0064B59}"
EndProject
Project("{9A19103F-16F7-4668-BE54-9A1E7A4F7556}") = "ConsoleApp74", "ConsoleApp74\ConsoleApp74.csproj", "{EFD33ED5-9A65-4B4E-9875-341612874EF5}"
EndProject
Project("{9A19103F-16F7-4668-BE54-9A1E7A4F7556}") = "ConsoleApp75", "ConsoleApp75\ConsoleApp75.csproj", "{99C3467F-CE00-4EEC-879E-DFEC2E9C8863}"
EndProject
Project("{9A19103F-16F7-4668-BE54-9A1E7A4F7556}") = "ConsoleApp76", "ConsoleApp76\ConsoleApp76.csproj", "{9FEF2CCE-F992-4C55-9EAF-B59AB2106951}"
EndProject
Project("{9A19103F-16F7-4668-BE54-9A1E7A4F7556}") = "ConsoleApp77", "ConsoleApp77\ConsoleApp77.csproj", "{6D24E37E-B27E-491A-B8DC-8914FDED5EA8}"
EndProject
Project("{9A19103F-16F7-4668-BE54-9A1E7A4F7556}") = "ConsoleApp78", "ConsoleApp78\ConsoleApp78.csproj", "{8AAF1003-14FE-48F8-ADAD-B049FEB2D2F1}"
EndProject
Project("{9A19103F-16F7-4668-BE54-9A1E7A4F7556}") = "ConsoleApp79", "ConsoleApp79\ConsoleApp79.csproj", "{B593DC1F-D9AF-4A27-84B1-5F258FD53EB5}"
EndProject
Project("{9A19103F-16F7-4668-BE54-9A1E7A4F7556}") = "ConsoleApp80", "ConsoleApp80\ConsoleApp80.csproj", "{E54ABFBB-BACE-46D3-8DBD-6699FEAF722B}"
EndProject
Project("{9A19103F-16F7-4668-BE54-9A1E7A4F7556}") = "ConsoleApp81", "ConsoleApp81\ConsoleApp81.csproj", "{43E48F5F-D406-481B-8BC4-77F78010F41E}"
EndProject
Project("{9A19103F-16F7-4668-BE54-9A1E7A4F7556}") = "ConsoleApp82", "ConsoleApp82\ConsoleApp82.csproj", "{1692C5FF-D24F-43A5-96B1-56B6E8CFFE6A}"
EndProject
Project("{9A19103F-16F7-4668-BE54-9A1E7A4F7556}") = "ConsoleApp83", "ConsoleApp83\ConsoleApp83.csproj", "{C3B9716A-DB86-4DC3-8237-C2F8308519A1}"
EndProject
Project("{9A19103F-16F7-4668-BE54-9A1E7A4F7556}") = "ConsoleApp84", "ConsoleApp84\ConsoleApp84.csproj", "{9D1691FD-E65F-425E-81AE-31C318F18A5D}"
EndProject
Project("{9A19103F-16F7-4668-BE54-9A1E7A4F7556}") = "ConsoleApp85", "ConsoleApp85\ConsoleApp85.csproj", "{9157E297-54FE-462F-8C11-6570B598BBE5}"
EndProject
Project("{FAE04EC0-301F-11D3-BF4B-00C04F79EFBC}") = "ConsoleApp86", "ConsoleApp86\ConsoleApp86.csproj", "{42B3ADCD-2504-474A-9938-4524E3999508}"
EndProject
Project("{FAE04EC0-301F-11D3-BF4B-00C04F79EFBC}") = "ConsoleApp87", "ConsoleApp87\ConsoleApp87.csproj", "{60DAFE18-6F86-4F6E-8956-C6A028E2BC8A}"
EndProject
Project("{FAE04EC0-301F-11D3-BF4B-00C04F79EFBC}") = "ConsoleApp88", "ConsoleApp88\ConsoleApp88.csproj", "{94CF07C7-1512-494F-B368-4C31C6A253A6}"
EndProject
Project("{FAE04EC0-301F-11D3-BF4B-00C04F79EFBC}") = "ConsoleApp89", "ConsoleApp89\ConsoleApp89.csproj", "{BA4A0D95-730C-43E7-BA0F-2E7613E61AA2}"
EndProject
Project("{FAE04EC0-301F-11D3-BF4B-00C04F79EFBC}") = "ConsoleApp90", "ConsoleApp90\ConsoleApp90.csproj", "{C8ED0062-0D63-4F64-A09C-7D39A4701340}"
EndProject
Global
	GlobalSection(SolutionConfigurationPlatforms) = preSolution
		Debug|Any CPU = Debug|Any CPU
		Release|Any CPU = Release|Any CPU
	EndGlobalSection
	GlobalSection(ProjectConfigurationPlatforms) = postSolution
		{B000A64A-71FD-4940-8E4D-1E012514944E}.Debug|Any CPU.ActiveCfg = Debug|Any CPU
		{B000A64A-71FD-4940-8E4D-1E012514944E}.Debug|Any CPU.Build.0 = Debug|Any CPU
		{B000A64A-71FD-4940-8E4D-1E012514944E}.Release|Any CPU.ActiveCfg = Release|Any CPU
		{B000A64A-71FD-4940-8E4D-1E012514944E}.Release|Any CPU.Build.0 = Release|Any CPU
		{D1717293-0ADD-4EBC-B4A7-89E0905D0FA1}.Debug|Any CPU.ActiveCfg = Debug|Any CPU
		{D1717293-0ADD-4EBC-B4A7-89E0905D0FA1}.Debug|Any CPU.Build.0 = Debug|Any CPU
		{D1717293-0ADD-4EBC-B4A7-89E0905D0FA1}.Release|Any CPU.ActiveCfg = Release|Any CPU
		{D1717293-0ADD-4EBC-B4A7-89E0905D0FA1}.Release|Any CPU.Build.0 = Release|Any CPU
		{52DF2E2E-8612-42BB-BDE8-65D300D1CC50}.Debug|Any CPU.ActiveCfg = Debug|Any CPU
		{52DF2E2E-8612-42BB-BDE8-65D300D1CC50}.Debug|Any CPU.Build.0 = Debug|Any CPU
		{52DF2E2E-8612-42BB-BDE8-65D300D1CC50}.Release|Any CPU.ActiveCfg = Release|Any CPU
		{52DF2E2E-8612-42BB-BDE8-65D300D1CC50}.Release|Any CPU.Build.0 = Release|Any CPU
		{117C1E95-5C65-4D3B-922B-307F03BA06E5}.Debug|Any CPU.ActiveCfg = Debug|Any CPU
		{117C1E95-5C65-4D3B-922B-307F03BA06E5}.Debug|Any CPU.Build.0 = Debug|Any CPU
		{117C1E95-5C65-4D3B-922B-307F03BA06E5}.Release|Any CPU.ActiveCfg = Release|Any CPU
		{117C1E95-5C65-4D3B-922B-307F03BA06E5}.Release|Any CPU.Build.0 = Release|Any CPU
		{92DF8229-8BF3-4E5F-A75A-2650EE50091B}.Debug|Any CPU.ActiveCfg = Debug|Any CPU
		{92DF8229-8BF3-4E5F-A75A-2650EE50091B}.Debug|Any CPU.Build.0 = Debug|Any CPU
		{92DF8229-8BF3-4E5F-A75A-2650EE50091B}.Release|Any CPU.ActiveCfg = Release|Any CPU
		{92DF8229-8BF3-4E5F-A75A-2650EE50091B}.Release|Any CPU.Build.0 = Release|Any CPU
		{7C4FB672-2C3B-4855-A969-313FFEEF97B8}.Debug|Any CPU.ActiveCfg = Debug|Any CPU
		{7C4FB672-2C3B-4855-A969-313FFEEF97B8}.Debug|Any CPU.Build.0 = Debug|Any CPU
		{7C4FB672-2C3B-4855-A969-313FFEEF97B8}.Release|Any CPU.ActiveCfg = Release|Any CPU
		{7C4FB672-2C3B-4855-A969-313FFEEF97B8}.Release|Any CPU.Build.0 = Release|Any CPU
		{74D800C2-AC35-42DD-802A-9B0D180569FB}.Debug|Any CPU.ActiveCfg = Debug|Any CPU
		{74D800C2-AC35-42DD-802A-9B0D180569FB}.Debug|Any CPU.Build.0 = Debug|Any CPU
		{74D800C2-AC35-42DD-802A-9B0D180569FB}.Release|Any CPU.ActiveCfg = Release|Any CPU
		{74D800C2-AC35-42DD-802A-9B0D180569FB}.Release|Any CPU.Build.0 = Release|Any CPU
		{53F3747A-A33B-4686-90AF-40885B9D17BB}.Debug|Any CPU.ActiveCfg = Debug|Any CPU
		{53F3747A-A33B-4686-90AF-40885B9D17BB}.Debug|Any CPU.Build.0 = Debug|Any CPU
		{53F3747A-A33B-4686-90AF-40885B9D17BB}.Release|Any CPU.ActiveCfg = Release|Any CPU
		{53F3747A-A33B-4686-90AF-40885B9D17BB}.Release|Any CPU.Build.0 = Release|Any CPU
		{F0D17E5D-C606-4BA4-89F2-4DDA9742DFB9}.Debug|Any CPU.ActiveCfg = Debug|Any CPU
		{F0D17E5D-C606-4BA4-89F2-4DDA9742DFB9}.Debug|Any CPU.Build.0 = Debug|Any CPU
		{F0D17E5D-C606-4BA4-89F2-4DDA9742DFB9}.Release|Any CPU.ActiveCfg = Release|Any CPU
		{F0D17E5D-C606-4BA4-89F2-4DDA9742DFB9}.Release|Any CPU.Build.0 = Release|Any CPU
		{9BD6451B-4D44-480A-B16F-16BBA0277273}.Debug|Any CPU.ActiveCfg = Debug|Any CPU
		{9BD6451B-4D44-480A-B16F-16BBA0277273}.Debug|Any CPU.Build.0 = Debug|Any CPU
		{9BD6451B-4D44-480A-B16F-16BBA0277273}.Release|Any CPU.ActiveCfg = Release|Any CPU
		{9BD6451B-4D44-480A-B16F-16BBA0277273}.Release|Any CPU.Build.0 = Release|Any CPU
		{B2654C57-D3E6-4C08-9F44-91EFA9471C61}.Debug|Any CPU.ActiveCfg = Debug|Any CPU
		{B2654C57-D3E6-4C08-9F44-91EFA9471C61}.Debug|Any CPU.Build.0 = Debug|Any CPU
		{B2654C57-D3E6-4C08-9F44-91EFA9471C61}.Release|Any CPU.ActiveCfg = Release|Any CPU
		{B2654C57-D3E6-4C08-9F44-91EFA9471C61}.Release|Any CPU.Build.0 = Release|Any CPU
		{BAB63665-A255-48A5-83CE-1D874854DF3C}.Debug|Any CPU.ActiveCfg = Debug|Any CPU
		{BAB63665-A255-48A5-83CE-1D874854DF3C}.Debug|Any CPU.Build.0 = Debug|Any CPU
		{BAB63665-A255-48A5-83CE-1D874854DF3C}.Release|Any CPU.ActiveCfg = Release|Any CPU
		{BAB63665-A255-48A5-83CE-1D874854DF3C}.Release|Any CPU.Build.0 = Release|Any CPU
		{B2DDAA4C-4A50-48E7-8C6A-EB2A4529712F}.Debug|Any CPU.ActiveCfg = Debug|Any CPU
		{B2DDAA4C-4A50-48E7-8C6A-EB2A4529712F}.Debug|Any CPU.Build.0 = Debug|Any CPU
		{B2DDAA4C-4A50-48E7-8C6A-EB2A4529712F}.Release|Any CPU.ActiveCfg = Release|Any CPU
		{B2DDAA4C-4A50-48E7-8C6A-EB2A4529712F}.Release|Any CPU.Build.0 = Release|Any CPU
		{DBE2A6DF-9C95-43E6-B2BA-3F30E0B4018C}.Debug|Any CPU.ActiveCfg = Debug|Any CPU
		{DBE2A6DF-9C95-43E6-B2BA-3F30E0B4018C}.Debug|Any CPU.Build.0 = Debug|Any CPU
		{DBE2A6DF-9C95-43E6-B2BA-3F30E0B4018C}.Release|Any CPU.ActiveCfg = Release|Any CPU
		{DBE2A6DF-9C95-43E6-B2BA-3F30E0B4018C}.Release|Any CPU.Build.0 = Release|Any CPU
		{FCA40236-005F-4CD5-8D25-46C41B9A41BC}.Debug|Any CPU.ActiveCfg = Debug|Any CPU
		{FCA40236-005F-4CD5-8D25-46C41B9A41BC}.Debug|Any CPU.Build.0 = Debug|Any CPU
		{FCA40236-005F-4CD5-8D25-46C41B9A41BC}.Release|Any CPU.ActiveCfg = Release|Any CPU
		{FCA40236-005F-4CD5-8D25-46C41B9A41BC}.Release|Any CPU.Build.0 = Release|Any CPU
		{324D3280-AD55-489D-A345-AA3E7998B576}.Debug|Any CPU.ActiveCfg = Debug|Any CPU
		{324D3280-AD55-489D-A345-AA3E7998B576}.Debug|Any CPU.Build.0 = Debug|Any CPU
		{324D3280-AD55-489D-A345-AA3E7998B576}.Release|Any CPU.ActiveCfg = Release|Any CPU
		{324D3280-AD55-489D-A345-AA3E7998B576}.Release|Any CPU.Build.0 = Release|Any CPU
		{E35D6D89-C8BC-4CC4-A246-E06413512B06}.Debug|Any CPU.ActiveCfg = Debug|Any CPU
		{E35D6D89-C8BC-4CC4-A246-E06413512B06}.Debug|Any CPU.Build.0 = Debug|Any CPU
		{E35D6D89-C8BC-4CC4-A246-E06413512B06}.Release|Any CPU.ActiveCfg = Release|Any CPU
		{E35D6D89-C8BC-4CC4-A246-E06413512B06}.Release|Any CPU.Build.0 = Release|Any CPU
		{63CB01BC-04FD-41FF-8A61-EFDE62EC2FE4}.Debug|Any CPU.ActiveCfg = Debug|Any CPU
		{63CB01BC-04FD-41FF-8A61-EFDE62EC2FE4}.Debug|Any CPU.Build.0 = Debug|Any CPU
		{63CB01BC-04FD-41FF-8A61-EFDE62EC2FE4}.Release|Any CPU.ActiveCfg = Release|Any CPU
		{63CB01BC-04FD-41FF-8A61-EFDE62EC2FE4}.Release|Any CPU.Build.0 = Release|Any CPU
		{D61D4F54-0A28-4396-A70D-F7C36014BD10}.Debug|Any CPU.ActiveCfg = Debug|Any CPU
		{D61D4F54-0A28-4396-A70D-F7C36014BD10}.Debug|Any CPU.Build.0 = Debug|Any CPU
		{D61D4F54-0A28-4396-A70D-F7C36014BD10}.Release|Any CPU.ActiveCfg = Release|Any CPU
		{D61D4F54-0A28-4396-A70D-F7C36014BD10}.Release|Any CPU.Build.0 = Release|Any CPU
		{52315C4F-392B-437D-A72E-1BC3D85860C6}.Debug|Any CPU.ActiveCfg = Debug|Any CPU
		{52315C4F-392B-437D-A72E-1BC3D85860C6}.Debug|Any CPU.Build.0 = Debug|Any CPU
		{52315C4F-392B-437D-A72E-1BC3D85860C6}.Release|Any CPU.ActiveCfg = Release|Any CPU
		{52315C4F-392B-437D-A72E-1BC3D85860C6}.Release|Any CPU.Build.0 = Release|Any CPU
		{E9C55793-4D6A-401C-8D01-451F87D4EAB7}.Debug|Any CPU.ActiveCfg = Debug|Any CPU
		{E9C55793-4D6A-401C-8D01-451F87D4EAB7}.Debug|Any CPU.Build.0 = Debug|Any CPU
		{E9C55793-4D6A-401C-8D01-451F87D4EAB7}.Release|Any CPU.ActiveCfg = Release|Any CPU
		{E9C55793-4D6A-401C-8D01-451F87D4EAB7}.Release|Any CPU.Build.0 = Release|Any CPU
		{8A08B939-A379-417F-8A36-5B5E8C934411}.Debug|Any CPU.ActiveCfg = Debug|Any CPU
		{8A08B939-A379-417F-8A36-5B5E8C934411}.Debug|Any CPU.Build.0 = Debug|Any CPU
		{8A08B939-A379-417F-8A36-5B5E8C934411}.Release|Any CPU.ActiveCfg = Release|Any CPU
		{8A08B939-A379-417F-8A36-5B5E8C934411}.Release|Any CPU.Build.0 = Release|Any CPU
		{2152EBEB-E6B5-4776-A9B0-86B01ADB3DDD}.Debug|Any CPU.ActiveCfg = Debug|Any CPU
		{2152EBEB-E6B5-4776-A9B0-86B01ADB3DDD}.Debug|Any CPU.Build.0 = Debug|Any CPU
		{2152EBEB-E6B5-4776-A9B0-86B01ADB3DDD}.Release|Any CPU.ActiveCfg = Release|Any CPU
		{2152EBEB-E6B5-4776-A9B0-86B01ADB3DDD}.Release|Any CPU.Build.0 = Release|Any CPU
		{7392B085-37B2-4CB4-806D-6955E82CD944}.Debug|Any CPU.ActiveCfg = Debug|Any CPU
		{7392B085-37B2-4CB4-806D-6955E82CD944}.Debug|Any CPU.Build.0 = Debug|Any CPU
		{7392B085-37B2-4CB4-806D-6955E82CD944}.Release|Any CPU.ActiveCfg = Release|Any CPU
		{7392B085-37B2-4CB4-806D-6955E82CD944}.Release|Any CPU.Build.0 = Release|Any CPU
		{CFA46BFD-1553-4CB9-8E3B-907424D7DD00}.Debug|Any CPU.ActiveCfg = Debug|Any CPU
		{CFA46BFD-1553-4CB9-8E3B-907424D7DD00}.Debug|Any CPU.Build.0 = Debug|Any CPU
		{CFA46BFD-1553-4CB9-8E3B-907424D7DD00}.Release|Any CPU.ActiveCfg = Release|Any CPU
		{CFA46BFD-1553-4CB9-8E3B-907424D7DD00}.Release|Any CPU.Build.0 = Release|Any CPU
		{AB84CD92-6F06-4AC7-9231-597B8CCB6CF9}.Debug|Any CPU.ActiveCfg = Debug|Any CPU
		{AB84CD92-6F06-4AC7-9231-597B8CCB6CF9}.Debug|Any CPU.Build.0 = Debug|Any CPU
		{AB84CD92-6F06-4AC7-9231-597B8CCB6CF9}.Release|Any CPU.ActiveCfg = Release|Any CPU
		{AB84CD92-6F06-4AC7-9231-597B8CCB6CF9}.Release|Any CPU.Build.0 = Release|Any CPU
		{B6BF280B-0178-42AD-A996-70176C373B91}.Debug|Any CPU.ActiveCfg = Debug|Any CPU
		{B6BF280B-0178-42AD-A996-70176C373B91}.Debug|Any CPU.Build.0 = Debug|Any CPU
		{B6BF280B-0178-42AD-A996-70176C373B91}.Release|Any CPU.ActiveCfg = Release|Any CPU
		{B6BF280B-0178-42AD-A996-70176C373B91}.Release|Any CPU.Build.0 = Release|Any CPU
		{4E723937-A2E3-4592-BFB0-0FD4E1214265}.Debug|Any CPU.ActiveCfg = Debug|Any CPU
		{4E723937-A2E3-4592-BFB0-0FD4E1214265}.Debug|Any CPU.Build.0 = Debug|Any CPU
		{4E723937-A2E3-4592-BFB0-0FD4E1214265}.Release|Any CPU.ActiveCfg = Release|Any CPU
		{4E723937-A2E3-4592-BFB0-0FD4E1214265}.Release|Any CPU.Build.0 = Release|Any CPU
		{55225186-647B-44DF-A1F3-AA8A97A00C99}.Debug|Any CPU.ActiveCfg = Debug|Any CPU
		{55225186-647B-44DF-A1F3-AA8A97A00C99}.Debug|Any CPU.Build.0 = Debug|Any CPU
		{55225186-647B-44DF-A1F3-AA8A97A00C99}.Release|Any CPU.ActiveCfg = Release|Any CPU
		{55225186-647B-44DF-A1F3-AA8A97A00C99}.Release|Any CPU.Build.0 = Release|Any CPU
		{B667F0DF-2A83-4E81-97C4-EACC7B11B0C8}.Debug|Any CPU.ActiveCfg = Debug|Any CPU
		{B667F0DF-2A83-4E81-97C4-EACC7B11B0C8}.Debug|Any CPU.Build.0 = Debug|Any CPU
		{B667F0DF-2A83-4E81-97C4-EACC7B11B0C8}.Release|Any CPU.ActiveCfg = Release|Any CPU
		{B667F0DF-2A83-4E81-97C4-EACC7B11B0C8}.Release|Any CPU.Build.0 = Release|Any CPU
		{9475DCF3-7D0B-4F06-9D23-73BB077201FB}.Debug|Any CPU.ActiveCfg = Debug|Any CPU
		{9475DCF3-7D0B-4F06-9D23-73BB077201FB}.Debug|Any CPU.Build.0 = Debug|Any CPU
		{9475DCF3-7D0B-4F06-9D23-73BB077201FB}.Release|Any CPU.ActiveCfg = Release|Any CPU
		{9475DCF3-7D0B-4F06-9D23-73BB077201FB}.Release|Any CPU.Build.0 = Release|Any CPU
		{4004431A-F2D7-4D71-916B-B267A8250804}.Debug|Any CPU.ActiveCfg = Debug|Any CPU
		{4004431A-F2D7-4D71-916B-B267A8250804}.Debug|Any CPU.Build.0 = Debug|Any CPU
		{4004431A-F2D7-4D71-916B-B267A8250804}.Release|Any CPU.ActiveCfg = Release|Any CPU
		{4004431A-F2D7-4D71-916B-B267A8250804}.Release|Any CPU.Build.0 = Release|Any CPU
		{116E8F29-0131-46AF-B27D-FE4BA17C2047}.Debug|Any CPU.ActiveCfg = Debug|Any CPU
		{116E8F29-0131-46AF-B27D-FE4BA17C2047}.Debug|Any CPU.Build.0 = Debug|Any CPU
		{116E8F29-0131-46AF-B27D-FE4BA17C2047}.Release|Any CPU.ActiveCfg = Release|Any CPU
		{116E8F29-0131-46AF-B27D-FE4BA17C2047}.Release|Any CPU.Build.0 = Release|Any CPU
		{FA631000-7762-4D81-9019-94D0733372A1}.Debug|Any CPU.ActiveCfg = Debug|Any CPU
		{FA631000-7762-4D81-9019-94D0733372A1}.Debug|Any CPU.Build.0 = Debug|Any CPU
		{FA631000-7762-4D81-9019-94D0733372A1}.Release|Any CPU.ActiveCfg = Release|Any CPU
		{FA631000-7762-4D81-9019-94D0733372A1}.Release|Any CPU.Build.0 = Release|Any CPU
		{EE085D20-A34C-4DB4-894F-FDB5C0726615}.Debug|Any CPU.ActiveCfg = Debug|Any CPU
		{EE085D20-A34C-4DB4-894F-FDB5C0726615}.Debug|Any CPU.Build.0 = Debug|Any CPU
		{EE085D20-A34C-4DB4-894F-FDB5C0726615}.Release|Any CPU.ActiveCfg = Release|Any CPU
		{EE085D20-A34C-4DB4-894F-FDB5C0726615}.Release|Any CPU.Build.0 = Release|Any CPU
		{1EF6DBA6-7959-46B8-8C07-9D2B3559C896}.Debug|Any CPU.ActiveCfg = Debug|Any CPU
		{1EF6DBA6-7959-46B8-8C07-9D2B3559C896}.Debug|Any CPU.Build.0 = Debug|Any CPU
		{1EF6DBA6-7959-46B8-8C07-9D2B3559C896}.Release|Any CPU.ActiveCfg = Release|Any CPU
		{1EF6DBA6-7959-46B8-8C07-9D2B3559C896}.Release|Any CPU.Build.0 = Release|Any CPU
		{C60090E3-51CE-437D-A152-1104581CF70F}.Debug|Any CPU.ActiveCfg = Debug|Any CPU
		{C60090E3-51CE-437D-A152-1104581CF70F}.Debug|Any CPU.Build.0 = Debug|Any CPU
		{C60090E3-51CE-437D-A152-1104581CF70F}.Release|Any CPU.ActiveCfg = Release|Any CPU
		{C60090E3-51CE-437D-A152-1104581CF70F}.Release|Any CPU.Build.0 = Release|Any CPU
		{F989DB99-F307-41A5-B4E3-D0D541C618CD}.Debug|Any CPU.ActiveCfg = Debug|Any CPU
		{F989DB99-F307-41A5-B4E3-D0D541C618CD}.Debug|Any CPU.Build.0 = Debug|Any CPU
		{F989DB99-F307-41A5-B4E3-D0D541C618CD}.Release|Any CPU.ActiveCfg = Release|Any CPU
		{F989DB99-F307-41A5-B4E3-D0D541C618CD}.Release|Any CPU.Build.0 = Release|Any CPU
		{F3C94BE0-B0A3-4165-86B1-14BA61C262A9}.Debug|Any CPU.ActiveCfg = Debug|Any CPU
		{F3C94BE0-B0A3-4165-86B1-14BA61C262A9}.Debug|Any CPU.Build.0 = Debug|Any CPU
		{F3C94BE0-B0A3-4165-86B1-14BA61C262A9}.Release|Any CPU.ActiveCfg = Release|Any CPU
		{F3C94BE0-B0A3-4165-86B1-14BA61C262A9}.Release|Any CPU.Build.0 = Release|Any CPU
		{9A4E6370-0525-4869-ACC1-2E5AB3E89760}.Debug|Any CPU.ActiveCfg = Debug|Any CPU
		{9A4E6370-0525-4869-ACC1-2E5AB3E89760}.Debug|Any CPU.Build.0 = Debug|Any CPU
		{9A4E6370-0525-4869-ACC1-2E5AB3E89760}.Release|Any CPU.ActiveCfg = Release|Any CPU
		{9A4E6370-0525-4869-ACC1-2E5AB3E89760}.Release|Any CPU.Build.0 = Release|Any CPU
		{558DC712-6D5B-4A16-A478-9E31F504CCE7}.Debug|Any CPU.ActiveCfg = Debug|Any CPU
		{558DC712-6D5B-4A16-A478-9E31F504CCE7}.Debug|Any CPU.Build.0 = Debug|Any CPU
		{558DC712-6D5B-4A16-A478-9E31F504CCE7}.Release|Any CPU.ActiveCfg = Release|Any CPU
		{558DC712-6D5B-4A16-A478-9E31F504CCE7}.Release|Any CPU.Build.0 = Release|Any CPU
		{3B439B02-93FF-4A08-92EB-EF8C96A4E3E1}.Debug|Any CPU.ActiveCfg = Debug|Any CPU
		{3B439B02-93FF-4A08-92EB-EF8C96A4E3E1}.Debug|Any CPU.Build.0 = Debug|Any CPU
		{3B439B02-93FF-4A08-92EB-EF8C96A4E3E1}.Release|Any CPU.ActiveCfg = Release|Any CPU
		{3B439B02-93FF-4A08-92EB-EF8C96A4E3E1}.Release|Any CPU.Build.0 = Release|Any CPU
		{AE0DA1CC-001C-4BC2-91FD-514BC6F5FB58}.Debug|Any CPU.ActiveCfg = Debug|Any CPU
		{AE0DA1CC-001C-4BC2-91FD-514BC6F5FB58}.Debug|Any CPU.Build.0 = Debug|Any CPU
		{AE0DA1CC-001C-4BC2-91FD-514BC6F5FB58}.Release|Any CPU.ActiveCfg = Release|Any CPU
		{AE0DA1CC-001C-4BC2-91FD-514BC6F5FB58}.Release|Any CPU.Build.0 = Release|Any CPU
		{BFC5AF24-C8A9-4EAA-BC87-2D92544816A6}.Debug|Any CPU.ActiveCfg = Debug|Any CPU
		{BFC5AF24-C8A9-4EAA-BC87-2D92544816A6}.Debug|Any CPU.Build.0 = Debug|Any CPU
		{BFC5AF24-C8A9-4EAA-BC87-2D92544816A6}.Release|Any CPU.ActiveCfg = Release|Any CPU
		{BFC5AF24-C8A9-4EAA-BC87-2D92544816A6}.Release|Any CPU.Build.0 = Release|Any CPU
		{3B2684BE-9C3C-4B81-AC46-B87F4B07EFB6}.Debug|Any CPU.ActiveCfg = Debug|Any CPU
		{3B2684BE-9C3C-4B81-AC46-B87F4B07EFB6}.Debug|Any CPU.Build.0 = Debug|Any CPU
		{3B2684BE-9C3C-4B81-AC46-B87F4B07EFB6}.Release|Any CPU.ActiveCfg = Release|Any CPU
		{3B2684BE-9C3C-4B81-AC46-B87F4B07EFB6}.Release|Any CPU.Build.0 = Release|Any CPU
		{0DF84A4E-C11C-4D70-B1D7-773CBB8BEEED}.Debug|Any CPU.ActiveCfg = Debug|Any CPU
		{0DF84A4E-C11C-4D70-B1D7-773CBB8BEEED}.Debug|Any CPU.Build.0 = Debug|Any CPU
		{0DF84A4E-C11C-4D70-B1D7-773CBB8BEEED}.Release|Any CPU.ActiveCfg = Release|Any CPU
		{0DF84A4E-C11C-4D70-B1D7-773CBB8BEEED}.Release|Any CPU.Build.0 = Release|Any CPU
		{4F83FC4B-0513-4C93-A56F-1CCA65375997}.Debug|Any CPU.ActiveCfg = Debug|Any CPU
		{4F83FC4B-0513-4C93-A56F-1CCA65375997}.Debug|Any CPU.Build.0 = Debug|Any CPU
		{4F83FC4B-0513-4C93-A56F-1CCA65375997}.Release|Any CPU.ActiveCfg = Release|Any CPU
		{4F83FC4B-0513-4C93-A56F-1CCA65375997}.Release|Any CPU.Build.0 = Release|Any CPU
		{BE5DA168-17E7-4406-8F14-708AAB20BC6D}.Debug|Any CPU.ActiveCfg = Debug|Any CPU
		{BE5DA168-17E7-4406-8F14-708AAB20BC6D}.Debug|Any CPU.Build.0 = Debug|Any CPU
		{BE5DA168-17E7-4406-8F14-708AAB20BC6D}.Release|Any CPU.ActiveCfg = Release|Any CPU
		{BE5DA168-17E7-4406-8F14-708AAB20BC6D}.Release|Any CPU.Build.0 = Release|Any CPU
		{EB61444E-063D-45A8-B08A-C3240DE2997B}.Debug|Any CPU.ActiveCfg = Debug|Any CPU
		{EB61444E-063D-45A8-B08A-C3240DE2997B}.Debug|Any CPU.Build.0 = Debug|Any CPU
		{EB61444E-063D-45A8-B08A-C3240DE2997B}.Release|Any CPU.ActiveCfg = Release|Any CPU
		{EB61444E-063D-45A8-B08A-C3240DE2997B}.Release|Any CPU.Build.0 = Release|Any CPU
		{4ECEA39C-FAF4-4A73-B47C-BEB243CC6730}.Debug|Any CPU.ActiveCfg = Debug|Any CPU
		{4ECEA39C-FAF4-4A73-B47C-BEB243CC6730}.Debug|Any CPU.Build.0 = Debug|Any CPU
		{4ECEA39C-FAF4-4A73-B47C-BEB243CC6730}.Release|Any CPU.ActiveCfg = Release|Any CPU
		{4ECEA39C-FAF4-4A73-B47C-BEB243CC6730}.Release|Any CPU.Build.0 = Release|Any CPU
		{234FF1C1-3FBA-4B85-A81F-0572E1695E12}.Debug|Any CPU.ActiveCfg = Debug|Any CPU
		{234FF1C1-3FBA-4B85-A81F-0572E1695E12}.Debug|Any CPU.Build.0 = Debug|Any CPU
		{234FF1C1-3FBA-4B85-A81F-0572E1695E12}.Release|Any CPU.ActiveCfg = Release|Any CPU
		{234FF1C1-3FBA-4B85-A81F-0572E1695E12}.Release|Any CPU.Build.0 = Release|Any CPU
		{C6C1EA8C-74B4-4729-BD10-06A5AA0E6958}.Debug|Any CPU.ActiveCfg = Debug|Any CPU
		{C6C1EA8C-74B4-4729-BD10-06A5AA0E6958}.Debug|Any CPU.Build.0 = Debug|Any CPU
		{C6C1EA8C-74B4-4729-BD10-06A5AA0E6958}.Release|Any CPU.ActiveCfg = Release|Any CPU
		{C6C1EA8C-74B4-4729-BD10-06A5AA0E6958}.Release|Any CPU.Build.0 = Release|Any CPU
		{8790D0CF-296B-4472-BE1B-53F977269E45}.Debug|Any CPU.ActiveCfg = Debug|Any CPU
		{8790D0CF-296B-4472-BE1B-53F977269E45}.Debug|Any CPU.Build.0 = Debug|Any CPU
		{8790D0CF-296B-4472-BE1B-53F977269E45}.Release|Any CPU.ActiveCfg = Release|Any CPU
		{8790D0CF-296B-4472-BE1B-53F977269E45}.Release|Any CPU.Build.0 = Release|Any CPU
		{4CD4B26D-F465-4764-B8C8-325FF9ADF531}.Debug|Any CPU.ActiveCfg = Debug|Any CPU
		{4CD4B26D-F465-4764-B8C8-325FF9ADF531}.Debug|Any CPU.Build.0 = Debug|Any CPU
		{4CD4B26D-F465-4764-B8C8-325FF9ADF531}.Release|Any CPU.ActiveCfg = Release|Any CPU
		{4CD4B26D-F465-4764-B8C8-325FF9ADF531}.Release|Any CPU.Build.0 = Release|Any CPU
		{4CA14C6D-A39F-41E8-BD02-5FBBAF28F93F}.Debug|Any CPU.ActiveCfg = Debug|Any CPU
		{4CA14C6D-A39F-41E8-BD02-5FBBAF28F93F}.Debug|Any CPU.Build.0 = Debug|Any CPU
		{4CA14C6D-A39F-41E8-BD02-5FBBAF28F93F}.Release|Any CPU.ActiveCfg = Release|Any CPU
		{4CA14C6D-A39F-41E8-BD02-5FBBAF28F93F}.Release|Any CPU.Build.0 = Release|Any CPU
		{0A08DFE3-A101-43FF-BEF9-EA91CDCCFB88}.Debug|Any CPU.ActiveCfg = Debug|Any CPU
		{0A08DFE3-A101-43FF-BEF9-EA91CDCCFB88}.Debug|Any CPU.Build.0 = Debug|Any CPU
		{0A08DFE3-A101-43FF-BEF9-EA91CDCCFB88}.Release|Any CPU.ActiveCfg = Release|Any CPU
		{0A08DFE3-A101-43FF-BEF9-EA91CDCCFB88}.Release|Any CPU.Build.0 = Release|Any CPU
		{3A0E59DB-6D48-4FB5-A915-933BD4EED58C}.Debug|Any CPU.ActiveCfg = Debug|Any CPU
		{3A0E59DB-6D48-4FB5-A915-933BD4EED58C}.Debug|Any CPU.Build.0 = Debug|Any CPU
		{3A0E59DB-6D48-4FB5-A915-933BD4EED58C}.Release|Any CPU.ActiveCfg = Release|Any CPU
		{3A0E59DB-6D48-4FB5-A915-933BD4EED58C}.Release|Any CPU.Build.0 = Release|Any CPU
		{8B6C6A58-A90F-440C-B32C-8BBD4C8CE752}.Debug|Any CPU.ActiveCfg = Debug|Any CPU
		{8B6C6A58-A90F-440C-B32C-8BBD4C8CE752}.Debug|Any CPU.Build.0 = Debug|Any CPU
		{8B6C6A58-A90F-440C-B32C-8BBD4C8CE752}.Release|Any CPU.ActiveCfg = Release|Any CPU
		{8B6C6A58-A90F-440C-B32C-8BBD4C8CE752}.Release|Any CPU.Build.0 = Release|Any CPU
		{1B4B0EF0-5860-4CD8-BBC8-B519089942F4}.Debug|Any CPU.ActiveCfg = Debug|Any CPU
		{1B4B0EF0-5860-4CD8-BBC8-B519089942F4}.Debug|Any CPU.Build.0 = Debug|Any CPU
		{1B4B0EF0-5860-4CD8-BBC8-B519089942F4}.Release|Any CPU.ActiveCfg = Release|Any CPU
		{1B4B0EF0-5860-4CD8-BBC8-B519089942F4}.Release|Any CPU.Build.0 = Release|Any CPU
		{71E77498-4571-424A-B095-BD3B9F59F476}.Debug|Any CPU.ActiveCfg = Debug|Any CPU
		{71E77498-4571-424A-B095-BD3B9F59F476}.Debug|Any CPU.Build.0 = Debug|Any CPU
		{71E77498-4571-424A-B095-BD3B9F59F476}.Release|Any CPU.ActiveCfg = Release|Any CPU
		{71E77498-4571-424A-B095-BD3B9F59F476}.Release|Any CPU.Build.0 = Release|Any CPU
		{DDF2B87A-9456-4A89-9511-766FF058EA38}.Debug|Any CPU.ActiveCfg = Debug|Any CPU
		{DDF2B87A-9456-4A89-9511-766FF058EA38}.Debug|Any CPU.Build.0 = Debug|Any CPU
		{DDF2B87A-9456-4A89-9511-766FF058EA38}.Release|Any CPU.ActiveCfg = Release|Any CPU
		{DDF2B87A-9456-4A89-9511-766FF058EA38}.Release|Any CPU.Build.0 = Release|Any CPU
		{5E66D725-3A2C-4F3D-9434-7EDB4C30D5F1}.Debug|Any CPU.ActiveCfg = Debug|Any CPU
		{5E66D725-3A2C-4F3D-9434-7EDB4C30D5F1}.Debug|Any CPU.Build.0 = Debug|Any CPU
		{5E66D725-3A2C-4F3D-9434-7EDB4C30D5F1}.Release|Any CPU.ActiveCfg = Release|Any CPU
		{5E66D725-3A2C-4F3D-9434-7EDB4C30D5F1}.Release|Any CPU.Build.0 = Release|Any CPU
		{ED3C407C-4DFE-45B4-874A-704C04F73621}.Debug|Any CPU.ActiveCfg = Debug|Any CPU
		{ED3C407C-4DFE-45B4-874A-704C04F73621}.Debug|Any CPU.Build.0 = Debug|Any CPU
		{ED3C407C-4DFE-45B4-874A-704C04F73621}.Release|Any CPU.ActiveCfg = Release|Any CPU
		{ED3C407C-4DFE-45B4-874A-704C04F73621}.Release|Any CPU.Build.0 = Release|Any CPU
		{59514485-E297-440C-A88E-19F0159E9431}.Debug|Any CPU.ActiveCfg = Debug|Any CPU
		{59514485-E297-440C-A88E-19F0159E9431}.Debug|Any CPU.Build.0 = Debug|Any CPU
		{59514485-E297-440C-A88E-19F0159E9431}.Release|Any CPU.ActiveCfg = Release|Any CPU
		{59514485-E297-440C-A88E-19F0159E9431}.Release|Any CPU.Build.0 = Release|Any CPU
		{C397C7AE-46DC-4E8D-B6EE-BD12E9631627}.Debug|Any CPU.ActiveCfg = Debug|Any CPU
		{C397C7AE-46DC-4E8D-B6EE-BD12E9631627}.Debug|Any CPU.Build.0 = Debug|Any CPU
		{C397C7AE-46DC-4E8D-B6EE-BD12E9631627}.Release|Any CPU.ActiveCfg = Release|Any CPU
		{C397C7AE-46DC-4E8D-B6EE-BD12E9631627}.Release|Any CPU.Build.0 = Release|Any CPU
		{DFF41381-6695-40C1-9FC3-3923CC8B6B82}.Debug|Any CPU.ActiveCfg = Debug|Any CPU
		{DFF41381-6695-40C1-9FC3-3923CC8B6B82}.Debug|Any CPU.Build.0 = Debug|Any CPU
		{DFF41381-6695-40C1-9FC3-3923CC8B6B82}.Release|Any CPU.ActiveCfg = Release|Any CPU
		{DFF41381-6695-40C1-9FC3-3923CC8B6B82}.Release|Any CPU.Build.0 = Release|Any CPU
		{E526AF60-4708-40BE-9AC3-722ACA7BE86B}.Debug|Any CPU.ActiveCfg = Debug|Any CPU
		{E526AF60-4708-40BE-9AC3-722ACA7BE86B}.Debug|Any CPU.Build.0 = Debug|Any CPU
		{E526AF60-4708-40BE-9AC3-722ACA7BE86B}.Release|Any CPU.ActiveCfg = Release|Any CPU
		{E526AF60-4708-40BE-9AC3-722ACA7BE86B}.Release|Any CPU.Build.0 = Release|Any CPU
		{9FF03398-34E3-4705-8AA7-6BB4FB38367D}.Debug|Any CPU.ActiveCfg = Debug|Any CPU
		{9FF03398-34E3-4705-8AA7-6BB4FB38367D}.Debug|Any CPU.Build.0 = Debug|Any CPU
		{9FF03398-34E3-4705-8AA7-6BB4FB38367D}.Release|Any CPU.ActiveCfg = Release|Any CPU
		{9FF03398-34E3-4705-8AA7-6BB4FB38367D}.Release|Any CPU.Build.0 = Release|Any CPU
		{FBC16BFC-6826-4BAD-8110-E74F23F7719C}.Debug|Any CPU.ActiveCfg = Debug|Any CPU
		{FBC16BFC-6826-4BAD-8110-E74F23F7719C}.Debug|Any CPU.Build.0 = Debug|Any CPU
		{FBC16BFC-6826-4BAD-8110-E74F23F7719C}.Release|Any CPU.ActiveCfg = Release|Any CPU
		{FBC16BFC-6826-4BAD-8110-E74F23F7719C}.Release|Any CPU.Build.0 = Release|Any CPU
		{64026BA5-D250-4582-A23D-6DECE3B7FE87}.Debug|Any CPU.ActiveCfg = Debug|Any CPU
		{64026BA5-D250-4582-A23D-6DECE3B7FE87}.Debug|Any CPU.Build.0 = Debug|Any CPU
		{64026BA5-D250-4582-A23D-6DECE3B7FE87}.Release|Any CPU.ActiveCfg = Release|Any CPU
		{64026BA5-D250-4582-A23D-6DECE3B7FE87}.Release|Any CPU.Build.0 = Release|Any CPU
		{0E35D26B-A427-4D28-BFB9-2222C444181D}.Debug|Any CPU.ActiveCfg = Debug|Any CPU
		{0E35D26B-A427-4D28-BFB9-2222C444181D}.Debug|Any CPU.Build.0 = Debug|Any CPU
		{0E35D26B-A427-4D28-BFB9-2222C444181D}.Release|Any CPU.ActiveCfg = Release|Any CPU
		{0E35D26B-A427-4D28-BFB9-2222C444181D}.Release|Any CPU.Build.0 = Release|Any CPU
		{B8DABEA5-5AAC-4813-BE4F-1997AF9F5888}.Debug|Any CPU.ActiveCfg = Debug|Any CPU
		{B8DABEA5-5AAC-4813-BE4F-1997AF9F5888}.Debug|Any CPU.Build.0 = Debug|Any CPU
		{B8DABEA5-5AAC-4813-BE4F-1997AF9F5888}.Release|Any CPU.ActiveCfg = Release|Any CPU
		{B8DABEA5-5AAC-4813-BE4F-1997AF9F5888}.Release|Any CPU.Build.0 = Release|Any CPU
		{4504CB97-6E5A-4DA5-A659-26C0B0064B59}.Debug|Any CPU.ActiveCfg = Debug|Any CPU
		{4504CB97-6E5A-4DA5-A659-26C0B0064B59}.Debug|Any CPU.Build.0 = Debug|Any CPU
		{4504CB97-6E5A-4DA5-A659-26C0B0064B59}.Release|Any CPU.ActiveCfg = Release|Any CPU
		{4504CB97-6E5A-4DA5-A659-26C0B0064B59}.Release|Any CPU.Build.0 = Release|Any CPU
		{EFD33ED5-9A65-4B4E-9875-341612874EF5}.Debug|Any CPU.ActiveCfg = Debug|Any CPU
		{EFD33ED5-9A65-4B4E-9875-341612874EF5}.Debug|Any CPU.Build.0 = Debug|Any CPU
		{EFD33ED5-9A65-4B4E-9875-341612874EF5}.Release|Any CPU.ActiveCfg = Release|Any CPU
		{EFD33ED5-9A65-4B4E-9875-341612874EF5}.Release|Any CPU.Build.0 = Release|Any CPU
		{99C3467F-CE00-4EEC-879E-DFEC2E9C8863}.Debug|Any CPU.ActiveCfg = Debug|Any CPU
		{99C3467F-CE00-4EEC-879E-DFEC2E9C8863}.Debug|Any CPU.Build.0 = Debug|Any CPU
		{99C3467F-CE00-4EEC-879E-DFEC2E9C8863}.Release|Any CPU.ActiveCfg = Release|Any CPU
		{99C3467F-CE00-4EEC-879E-DFEC2E9C8863}.Release|Any CPU.Build.0 = Release|Any CPU
		{9FEF2CCE-F992-4C55-9EAF-B59AB2106951}.Debug|Any CPU.ActiveCfg = Debug|Any CPU
		{9FEF2CCE-F992-4C55-9EAF-B59AB2106951}.Debug|Any CPU.Build.0 = Debug|Any CPU
		{9FEF2CCE-F992-4C55-9EAF-B59AB2106951}.Release|Any CPU.ActiveCfg = Release|Any CPU
		{9FEF2CCE-F992-4C55-9EAF-B59AB2106951}.Release|Any CPU.Build.0 = Release|Any CPU
		{6D24E37E-B27E-491A-B8DC-8914FDED5EA8}.Debug|Any CPU.ActiveCfg = Debug|Any CPU
		{6D24E37E-B27E-491A-B8DC-8914FDED5EA8}.Debug|Any CPU.Build.0 = Debug|Any CPU
		{6D24E37E-B27E-491A-B8DC-8914FDED5EA8}.Release|Any CPU.ActiveCfg = Release|Any CPU
		{6D24E37E-B27E-491A-B8DC-8914FDED5EA8}.Release|Any CPU.Build.0 = Release|Any CPU
		{8AAF1003-14FE-48F8-ADAD-B049FEB2D2F1}.Debug|Any CPU.ActiveCfg = Debug|Any CPU
		{8AAF1003-14FE-48F8-ADAD-B049FEB2D2F1}.Debug|Any CPU.Build.0 = Debug|Any CPU
		{8AAF1003-14FE-48F8-ADAD-B049FEB2D2F1}.Release|Any CPU.ActiveCfg = Release|Any CPU
		{8AAF1003-14FE-48F8-ADAD-B049FEB2D2F1}.Release|Any CPU.Build.0 = Release|Any CPU
		{B593DC1F-D9AF-4A27-84B1-5F258FD53EB5}.Debug|Any CPU.ActiveCfg = Debug|Any CPU
		{B593DC1F-D9AF-4A27-84B1-5F258FD53EB5}.Debug|Any CPU.Build.0 = Debug|Any CPU
		{B593DC1F-D9AF-4A27-84B1-5F258FD53EB5}.Release|Any CPU.ActiveCfg = Release|Any CPU
		{B593DC1F-D9AF-4A27-84B1-5F258FD53EB5}.Release|Any CPU.Build.0 = Release|Any CPU
		{E54ABFBB-BACE-46D3-8DBD-6699FEAF722B}.Debug|Any CPU.ActiveCfg = Debug|Any CPU
		{E54ABFBB-BACE-46D3-8DBD-6699FEAF722B}.Debug|Any CPU.Build.0 = Debug|Any CPU
		{E54ABFBB-BACE-46D3-8DBD-6699FEAF722B}.Release|Any CPU.ActiveCfg = Release|Any CPU
		{E54ABFBB-BACE-46D3-8DBD-6699FEAF722B}.Release|Any CPU.Build.0 = Release|Any CPU
		{43E48F5F-D406-481B-8BC4-77F78010F41E}.Debug|Any CPU.ActiveCfg = Debug|Any CPU
		{43E48F5F-D406-481B-8BC4-77F78010F41E}.Debug|Any CPU.Build.0 = Debug|Any CPU
		{43E48F5F-D406-481B-8BC4-77F78010F41E}.Release|Any CPU.ActiveCfg = Release|Any CPU
		{43E48F5F-D406-481B-8BC4-77F78010F41E}.Release|Any CPU.Build.0 = Release|Any CPU
		{1692C5FF-D24F-43A5-96B1-56B6E8CFFE6A}.Debug|Any CPU.ActiveCfg = Debug|Any CPU
		{1692C5FF-D24F-43A5-96B1-56B6E8CFFE6A}.Debug|Any CPU.Build.0 = Debug|Any CPU
		{1692C5FF-D24F-43A5-96B1-56B6E8CFFE6A}.Release|Any CPU.ActiveCfg = Release|Any CPU
		{1692C5FF-D24F-43A5-96B1-56B6E8CFFE6A}.Release|Any CPU.Build.0 = Release|Any CPU
		{C3B9716A-DB86-4DC3-8237-C2F8308519A1}.Debug|Any CPU.ActiveCfg = Debug|Any CPU
		{C3B9716A-DB86-4DC3-8237-C2F8308519A1}.Debug|Any CPU.Build.0 = Debug|Any CPU
		{C3B9716A-DB86-4DC3-8237-C2F8308519A1}.Release|Any CPU.ActiveCfg = Release|Any CPU
		{C3B9716A-DB86-4DC3-8237-C2F8308519A1}.Release|Any CPU.Build.0 = Release|Any CPU
		{9D1691FD-E65F-425E-81AE-31C318F18A5D}.Debug|Any CPU.ActiveCfg = Debug|Any CPU
		{9D1691FD-E65F-425E-81AE-31C318F18A5D}.Debug|Any CPU.Build.0 = Debug|Any CPU
		{9D1691FD-E65F-425E-81AE-31C318F18A5D}.Release|Any CPU.ActiveCfg = Release|Any CPU
		{9D1691FD-E65F-425E-81AE-31C318F18A5D}.Release|Any CPU.Build.0 = Release|Any CPU
		{9157E297-54FE-462F-8C11-6570B598BBE5}.Debug|Any CPU.ActiveCfg = Debug|Any CPU
		{9157E297-54FE-462F-8C11-6570B598BBE5}.Debug|Any CPU.Build.0 = Debug|Any CPU
		{9157E297-54FE-462F-8C11-6570B598BBE5}.Release|Any CPU.ActiveCfg = Release|Any CPU
		{9157E297-54FE-462F-8C11-6570B598BBE5}.Release|Any CPU.Build.0 = Release|Any CPU
		{42B3ADCD-2504-474A-9938-4524E3999508}.Debug|Any CPU.ActiveCfg = Debug|Any CPU
		{42B3ADCD-2504-474A-9938-4524E3999508}.Debug|Any CPU.Build.0 = Debug|Any CPU
		{42B3ADCD-2504-474A-9938-4524E3999508}.Release|Any CPU.ActiveCfg = Release|Any CPU
		{42B3ADCD-2504-474A-9938-4524E3999508}.Release|Any CPU.Build.0 = Release|Any CPU
		{60DAFE18-6F86-4F6E-8956-C6A028E2BC8A}.Debug|Any CPU.ActiveCfg = Debug|Any CPU
		{60DAFE18-6F86-4F6E-8956-C6A028E2BC8A}.Debug|Any CPU.Build.0 = Debug|Any CPU
		{60DAFE18-6F86-4F6E-8956-C6A028E2BC8A}.Release|Any CPU.ActiveCfg = Release|Any CPU
		{60DAFE18-6F86-4F6E-8956-C6A028E2BC8A}.Release|Any CPU.Build.0 = Release|Any CPU
		{94CF07C7-1512-494F-B368-4C31C6A253A6}.Debug|Any CPU.ActiveCfg = Debug|Any CPU
		{94CF07C7-1512-494F-B368-4C31C6A253A6}.Debug|Any CPU.Build.0 = Debug|Any CPU
		{94CF07C7-1512-494F-B368-4C31C6A253A6}.Release|Any CPU.ActiveCfg = Release|Any CPU
		{94CF07C7-1512-494F-B368-4C31C6A253A6}.Release|Any CPU.Build.0 = Release|Any CPU
		{BA4A0D95-730C-43E7-BA0F-2E7613E61AA2}.Debug|Any CPU.ActiveCfg = Debug|Any CPU
		{BA4A0D95-730C-43E7-BA0F-2E7613E61AA2}.Debug|Any CPU.Build.0 = Debug|Any CPU
		{BA4A0D95-730C-43E7-BA0F-2E7613E61AA2}.Release|Any CPU.ActiveCfg = Release|Any CPU
		{BA4A0D95-730C-43E7-BA0F-2E7613E61AA2}.Release|Any CPU.Build.0 = Release|Any CPU
		{C8ED0062-0D63-4F64-A09C-7D39A4701340}.Debug|Any CPU.ActiveCfg = Debug|Any CPU
		{C8ED0062-0D63-4F64-A09C-7D39A4701340}.Debug|Any CPU.Build.0 = Debug|Any CPU
		{C8ED0062-0D63-4F64-A09C-7D39A4701340}.Release|Any CPU.ActiveCfg = Release|Any CPU
		{C8ED0062-0D63-4F64-A09C-7D39A4701340}.Release|Any CPU.Build.0 = Release|Any CPU
	EndGlobalSection
	GlobalSection(SolutionProperties) = preSolution
		HideSolutionNode = FALSE
	EndGlobalSection
	GlobalSection(ExtensibilityGlobals) = postSolution
		SolutionGuid = {DCF83CF1-A2B8-4247-9075-7B6680B2DA71}
	EndGlobalSection
EndGlobal
